
Microsoft Visual Studio Solution File, Format Version 12.00
# Visual Studio Version 17
VisualStudioVersion = 17.2.32505.173
MinimumVisualStudioVersion = 10.0.40219.1
Project("{8BC9CEB8-8B4A-11D0-8D11-00A0C91BC942}") = "a072_amstrongNumber", "a072_amstrongNumber\a072_amstrongNumber.vcxproj", "{B32BF69B-8994-424D-B366-B6FA3F742D25}"
EndProject
Project("{8BC9CEB8-8B4A-11D0-8D11-00A0C91BC942}") = "a073_anagram", "a073_anagram\a073_anagram.vcxproj", "{00CCD96B-6750-4CF3-BB08-4CB7BEBFF01D}"
EndProject
Project("{8BC9CEB8-8B4A-11D0-8D11-00A0C91BC942}") = "a074_palindrome", "a074_palindrome\a074_palindrome.vcxproj", "{D4EFF6FB-4757-4E65-A782-976B97E607F0}"
EndProject
Project("{8BC9CEB8-8B4A-11D0-8D11-00A0C91BC942}") = "a075_hangman", "a075_hangman\a075_hangman.vcxproj", "{213BC3E2-080A-4EA6-9078-F4643B3E7111}"
EndProject
Project("{8BC9CEB8-8B4A-11D0-8D11-00A0C91BC942}") = "a076_maze", "a076_maze\a076_maze.vcxproj", "{7A67D757-D741-4053-A036-397BC6C28465}"
EndProject
Project("{8BC9CEB8-8B4A-11D0-8D11-00A0C91BC942}") = "a077_maze", "a077_maze\a077_maze.vcxproj", "{B7094C28-2D74-46A6-8D78-259ED3752A79}"
EndProject
Project("{8BC9CEB8-8B4A-11D0-8D11-00A0C91BC942}") = "a078_fileCopy", "a078_fileCopy\a078_fileCopy.vcxproj", "{BFB9DEF5-DD9D-481B-AF11-E7C959AE1F8D}"
EndProject
Project("{8BC9CEB8-8B4A-11D0-8D11-00A0C91BC942}") = "a079_fileSize", "a079_fileSize\a079_fileSize.vcxproj", "{93360EC2-63B4-4774-B739-76AA4C52834A}"
EndProject
Project("{8BC9CEB8-8B4A-11D0-8D11-00A0C91BC942}") = "a080_fileCopy", "a080_fileCopy\a080_fileCopy.vcxproj", "{885E0D13-C881-4F90-A81C-50A1625C22BC}"
EndProject
Project("{8BC9CEB8-8B4A-11D0-8D11-00A0C91BC942}") = "a081_binaryFile", "a081_binaryFile\a081_binaryFile.vcxproj", "{BC797B73-11F0-4CF1-BB97-7276347BB8AC}"
EndProject
Project("{8BC9CEB8-8B4A-11D0-8D11-00A0C91BC942}") = "a082_bitmap", "a082_bitmap\a082_bitmap.vcxproj", "{1FD3674F-AA32-4CF8-9D8B-FC11DF3145B3}"
EndProject
Project("{8BC9CEB8-8B4A-11D0-8D11-00A0C91BC942}") = "a083_bmpToGrayscale", "a083_bmpToGrayscale\a083_bmpToGrayscale.vcxproj", "{326D5373-3844-4E7F-8878-7523E0BFFDA0}"
EndProject
Project("{8BC9CEB8-8B4A-11D0-8D11-00A0C91BC942}") = "a084_24To8Bit", "a084_24To8Bit\a084_24To8Bit.vcxproj", "{E890EFF0-0CC4-46A6-B593-6BBF93D5B510}"
EndProject
Project("{8BC9CEB8-8B4A-11D0-8D11-00A0C91BC942}") = "a085_textArt", "a085_textArt\a085_textArt.vcxproj", "{F99A56A7-B753-4720-822C-4D094C142D09}"
EndProject
Project("{8BC9CEB8-8B4A-11D0-8D11-00A0C91BC942}") = "a086_imageProcessing", "a086_imageProcessing\a086_imageProcessing.vcxproj", "{FEDC07D1-A5F1-4B41-8313-64A39452A69F}"
EndProject
Project("{8BC9CEB8-8B4A-11D0-8D11-00A0C91BC942}") = "a087_imageProcessing2", "a087_imageProcessing2\a087_imageProcessing2.vcxproj", "{728D9BA3-3668-449F-AB89-1A951E3C39E9}"
EndProject
Project("{8BC9CEB8-8B4A-11D0-8D11-00A0C91BC942}") = "a089_addressBook", "a089_addressBook\a089_addressBook.vcxproj", "{010AC4AB-D35E-4E21-930E-C0E5999A814A}"
EndProject
Project("{8BC9CEB8-8B4A-11D0-8D11-00A0C91BC942}") = "a088_menuDriven", "a088_menuDriven\a088_menuDriven.vcxproj", "{F9C5D46D-B24A-4956-A4B5-7ACDD8EF39FE}"
EndProject
Project("{8BC9CEB8-8B4A-11D0-8D11-00A0C91BC942}") = "a090_dormitory", "a090_dormitory\a090_dormitory.vcxproj", "{3BC40748-E64D-4A42-A36A-3D5FE58C69CA}"
EndProject
Project("{8BC9CEB8-8B4A-11D0-8D11-00A0C91BC942}") = "a091_dormaitory2", "a091_dormaitory2\a091_dormaitory2.vcxproj", "{F6909476-6195-47ED-A959-35A3A9FB6795}"
EndProject
Project("{8BC9CEB8-8B4A-11D0-8D11-00A0C91BC942}") = "a092_strudentRecord", "a092_strudentRecord\a092_strudentRecord.vcxproj", "{81C3FCB5-F0A4-43A5-A3AF-E10B8175B467}"
EndProject
Project("{8BC9CEB8-8B4A-11D0-8D11-00A0C91BC942}") = "a093_studentRecord", "a093_studentRecord\a093_studentRecord.vcxproj", "{87F3F4B5-38E4-4DBC-8D6E-CCB2F84590B1}"
EndProject
Project("{8BC9CEB8-8B4A-11D0-8D11-00A0C91BC942}") = "a094_strudentRecord", "a094_strudentRecord\a094_strudentRecord.vcxproj", "{D6B3FAC5-C859-42C3-9409-83AC4D8F5F47}"
EndProject
Project("{8BC9CEB8-8B4A-11D0-8D11-00A0C91BC942}") = "a095_studentRecord", "a095_studentRecord\a095_studentRecord.vcxproj", "{96B24E92-FB7C-4CAC-96D1-BAA6472245B4}"
EndProject
Project("{8BC9CEB8-8B4A-11D0-8D11-00A0C91BC942}") = "a096_coffeeShop", "a096_coffeeShop\a096_coffeeShop.vcxproj", "{24A54B43-9A41-46F4-84F2-66DEB10343B5}"
EndProject
Project("{8BC9CEB8-8B4A-11D0-8D11-00A0C91BC942}") = "a019_pointerArray", "a019_pointerArray\a019_pointerArray.vcxproj", "{4080106A-48FF-466A-9F68-D9694868E36A}"
EndProject
Project("{8BC9CEB8-8B4A-11D0-8D11-00A0C91BC942}") = "a020_strlen_strcmp", "a020_strlen_strcmp\a020_strlen_strcmp.vcxproj", "{B080B518-6466-4488-BBEA-A79965654BD2}"
EndProject
Project("{8BC9CEB8-8B4A-11D0-8D11-00A0C91BC942}") = "a021_strcpy_strcat", "a021_strcpy_strcat\a021_strcpy_strcat.vcxproj", "{0E1456C7-B07B-4986-A76D-A2638B4FE1E2}"
EndProject
Project("{8BC9CEB8-8B4A-11D0-8D11-00A0C91BC942}") = "a022_upper_lower", "a022_upper_lower\a022_upper_lower.vcxproj", "{20FF3505-4B4E-47CB-8622-ECE9AE21762C}"
EndProject
Project("{8BC9CEB8-8B4A-11D0-8D11-00A0C91BC942}") = "a023_reverse", "a023_reverse\a023_reverse.vcxproj", "{DAC19A31-1EBF-4A40-8D90-6F77C35C73D0}"
EndProject
Project("{8BC9CEB8-8B4A-11D0-8D11-00A0C91BC942}") = "a024_atoi", "a024_atoi\a024_atoi.vcxproj", "{9F874D59-5B80-4D9C-BEF7-12F6137F5A86}"
EndProject
Project("{8BC9CEB8-8B4A-11D0-8D11-00A0C91BC942}") = "a025_strstr", "a025_strstr\a025_strstr.vcxproj", "{FB51F8E2-660E-43B9-9B58-1F89C23F076C}"
EndProject
Project("{8BC9CEB8-8B4A-11D0-8D11-00A0C91BC942}") = "a026_atof", "a026_atof\a026_atof.vcxproj", "{EB766762-8B04-477D-A775-6ACBB2EDD22C}"
EndProject
Project("{8BC9CEB8-8B4A-11D0-8D11-00A0C91BC942}") = "a027_binary_to_decimal", "a027_binary_to_decimal\a027_binary_to_decimal.vcxproj", "{C444B2D3-A881-4A9A-8BA2-2C3C632B54CA}"
EndProject
Project("{8BC9CEB8-8B4A-11D0-8D11-00A0C91BC942}") = "a028_binary_to_decimal", "a028_binary_to_decimal\a028_binary_to_decimal.vcxproj", "{EB4ACC77-E641-4B2C-A6FC-A0783591B03E}"
EndProject
Project("{8BC9CEB8-8B4A-11D0-8D11-00A0C91BC942}") = "a029_dec_to_binary", "a029_dec_to_binary\a029_dec_to_binary.vcxproj", "{1DF8723E-74AD-4233-885D-6744C355721A}"
EndProject
Project("{8BC9CEB8-8B4A-11D0-8D11-00A0C91BC942}") = "a030_hanoi_tower", "a030_hanoi_tower\a030_hanoi_tower.vcxproj", "{711BCDB6-2E2F-49B7-BBA6-C6F72BAA0217}"
EndProject
Project("{8BC9CEB8-8B4A-11D0-8D11-00A0C91BC942}") = "a031_gcdlcm", "a031_gcdlcm\a031_gcdlcm.vcxproj", "{0833760F-FE37-471A-8365-98A24904769B}"
EndProject
Project("{8BC9CEB8-8B4A-11D0-8D11-00A0C91BC942}") = "a038_bsearch", "a038_bsearch\a038_bsearch.vcxproj", "{8D371EA9-714A-4812-B70D-1BC61B7EBB0C}"
EndProject
Project("{8BC9CEB8-8B4A-11D0-8D11-00A0C91BC942}") = "a039_bubble_sort", "a039_bubble_sort\a039_bubble_sort.vcxproj", "{5404CE80-0714-4CB0-976F-D5A2D6BDF13C}"
EndProject
Project("{8BC9CEB8-8B4A-11D0-8D11-00A0C91BC942}") = "a040_selection_sort", "a040_selection_sort\a040_selection_sort.vcxproj", "{3316B8DB-4C9D-40FC-8414-09D69259F598}"
EndProject
Project("{8BC9CEB8-8B4A-11D0-8D11-00A0C91BC942}") = "a041_qsort", "a041_qsort\a041_qsort.vcxproj", "{A4246EB5-6F87-4D81-923C-FE9DEE894AB6}"
EndProject
Project("{8BC9CEB8-8B4A-11D0-8D11-00A0C91BC942}") = "a042_qsort_of_lines", "a042_qsort_of_lines\a042_qsort_of_lines.vcxproj", "{EA553FCC-57B9-4BAA-95FF-78262EDD0AE1}"
EndProject
Project("{8BC9CEB8-8B4A-11D0-8D11-00A0C91BC942}") = "a043_void_pointer", "a043_void_pointer\a043_void_pointer.vcxproj", "{729B0AE0-84ED-414D-9F6E-78D85DE7AD6B}"
EndProject
Project("{8BC9CEB8-8B4A-11D0-8D11-00A0C91BC942}") = "a044_sum_of_array", "a044_sum_of_array\a044_sum_of_array.vcxproj", "{47164C45-FA64-45A8-97AC-2E4066C109EB}"
EndProject
Project("{8BC9CEB8-8B4A-11D0-8D11-00A0C91BC942}") = "a045_function_pointer", "a045_function_pointer\a045_function_pointer.vcxproj", "{E307B894-CFC1-493E-B9A3-8AB24C7C3699}"
EndProject
Project("{8BC9CEB8-8B4A-11D0-8D11-00A0C91BC942}") = "a046_calculator", "a046_calculator\a046_calculator.vcxproj", "{33DC28EC-05CE-437E-B857-8CD326680D0F}"
EndProject
Project("{8BC9CEB8-8B4A-11D0-8D11-00A0C91BC942}") = "a047_stack", "a047_stack\a047_stack.vcxproj", "{07C55D23-A9D8-42AC-AC97-B163E60996FE}"
EndProject
Project("{8BC9CEB8-8B4A-11D0-8D11-00A0C91BC942}") = "a048_reverse_polish", "a048_reverse_polish\a048_reverse_polish.vcxproj", "{697EA6C8-E538-49D6-9AA7-E1B81D1B484D}"
EndProject
Project("{8BC9CEB8-8B4A-11D0-8D11-00A0C91BC942}") = "a049_calculator", "a049_calculator\a049_calculator.vcxproj", "{547D13D8-F8E8-42F8-9501-B013046350A8}"
EndProject
Project("{8BC9CEB8-8B4A-11D0-8D11-00A0C91BC942}") = "a050_structure", "a050_structure\a050_structure.vcxproj", "{39CACEAE-E001-4FE1-B919-13E021C3D283}"
EndProject
Project("{8BC9CEB8-8B4A-11D0-8D11-00A0C91BC942}") = "a051_structure", "a051_structure\a051_structure.vcxproj", "{EF42A1CA-9F07-4E88-8EAB-A19AE7893E8B}"
EndProject
Project("{8BC9CEB8-8B4A-11D0-8D11-00A0C91BC942}") = "a001_array", "a001_array\a001_array.vcxproj", "{DE9CAF81-015A-48DC-8EC7-DA59C2AE94AC}"
EndProject
Project("{8BC9CEB8-8B4A-11D0-8D11-00A0C91BC942}") = "a002_random", "a002_random\a002_random.vcxproj", "{7D386343-BC6E-4F28-8B17-E6FE771B6677}"
EndProject
Project("{8BC9CEB8-8B4A-11D0-8D11-00A0C91BC942}") = "a003_craps", "a003_craps\a003_craps.vcxproj", "{21564F47-4CBC-471B-A524-C37D346D27C4}"
EndProject
Project("{8BC9CEB8-8B4A-11D0-8D11-00A0C91BC942}") = "a004_nonOverlappingRandom", "a004_nonOverlappingRandom\a004_nonOverlappingRandom.vcxproj", "{567EABE6-74D3-4023-BF58-651D5E51B174}"
EndProject
Project("{8BC9CEB8-8B4A-11D0-8D11-00A0C91BC942}") = "a005_playingCards", "a005_playingCards\a005_playingCards.vcxproj", "{838E1991-1743-49AD-936D-932F69C890AE}"
EndProject
Project("{8BC9CEB8-8B4A-11D0-8D11-00A0C91BC942}") = "a006_findingPi", "a006_findingPi\a006_findingPi.vcxproj", "{E17B395D-54B5-4EFD-AD97-1F41B5745D73}"
EndProject
Project("{8BC9CEB8-8B4A-11D0-8D11-00A0C91BC942}") = "a007_monteCarloPi", "a007_monteCarloPi\a007_monteCarloPi.vcxproj", "{EE1A69E0-81DD-4999-A2D4-DF83E4B7C6B9}"
EndProject
Project("{8BC9CEB8-8B4A-11D0-8D11-00A0C91BC942}") = "a008_enum", "a008_enum\a008_enum.vcxproj", "{AE4D5A7A-4D59-4EFF-8B23-62FB42409885}"
EndProject
Project("{8BC9CEB8-8B4A-11D0-8D11-00A0C91BC942}") = "a009_pyramid", "a009_pyramid\a009_pyramid.vcxproj", "{F7F43AC6-4718-43BB-8B9A-9AB67A081825}"
EndProject
Project("{8BC9CEB8-8B4A-11D0-8D11-00A0C91BC942}") = "a010_primeNumber", "a010_primeNumber\a010_primeNumber.vcxproj", "{B9E49618-2C0C-481A-8FA9-9B90D0837112}"
EndProject
Project("{8BC9CEB8-8B4A-11D0-8D11-00A0C91BC942}") = "a011_sieveOfEratosthenes", "a011_sieveOfEratosthenes\a011_sieveOfEratosthenes.vcxproj", "{F562BA63-8F99-43B2-9A58-C087524C0736}"
EndProject
Project("{8BC9CEB8-8B4A-11D0-8D11-00A0C91BC942}") = "a012_scanf", "a012_scanf\a012_scanf.vcxproj", "{4860E430-7FE7-4C02-BDD7-E417EDD3264C}"
EndProject
Project("{8BC9CEB8-8B4A-11D0-8D11-00A0C91BC942}") = "a013_charArray", "a013_charArray\a013_charArray.vcxproj", "{AFEF13E6-EC90-403C-9009-58F72C169F22}"
EndProject
Project("{8BC9CEB8-8B4A-11D0-8D11-00A0C91BC942}") = "a014_arrayOfCharArray", "a014_arrayOfCharArray\a014_arrayOfCharArray.vcxproj", "{229EF730-3DC6-48B4-8EC8-0A4F830C12F7}"
EndProject
Project("{8BC9CEB8-8B4A-11D0-8D11-00A0C91BC942}") = "a015_pointer", "a015_pointer\a015_pointer.vcxproj", "{274838FD-55AA-4B30-9635-D43530C0EBD6}"
EndProject
Project("{8BC9CEB8-8B4A-11D0-8D11-00A0C91BC942}") = "a016_callby", "a016_callby\a016_callby.vcxproj", "{98B9FF1F-B068-4657-B267-164385B50483}"
EndProject
Project("{8BC9CEB8-8B4A-11D0-8D11-00A0C91BC942}") = "a017_arrayAndPointer", "a017_arrayAndPointer\a017_arrayAndPointer.vcxproj", "{89D53FE7-6F32-4DE4-8334-5590B0B618E8}"
EndProject
Project("{8BC9CEB8-8B4A-11D0-8D11-00A0C91BC942}") = "a018_pointerOperation", "a018_pointerOperation\a018_pointerOperation.vcxproj", "{AEB377EF-26D3-413D-A2EB-733B2774BDB9}"
EndProject
Project("{8BC9CEB8-8B4A-11D0-8D11-00A0C91BC942}") = "a032_runTime", "a032_runTime\a032_runTime.vcxproj", "{C8F19770-9144-4827-A68D-6130578AA15C}"
EndProject
Project("{8BC9CEB8-8B4A-11D0-8D11-00A0C91BC942}") = "a033_fibonacci", "a033_fibonacci\a033_fibonacci.vcxproj", "{F10146FD-7271-4B77-A009-8F9A6E8C6F3D}"
EndProject
Project("{8BC9CEB8-8B4A-11D0-8D11-00A0C91BC942}") = "a034_linearSearch", "a034_linearSearch\a034_linearSearch.vcxproj", "{CB3EA644-BC75-4938-BBA4-DC25D49F82D4}"
EndProject
Project("{8BC9CEB8-8B4A-11D0-8D11-00A0C91BC942}") = "a035_binarySearch", "a035_binarySearch\a035_binarySearch.vcxproj", "{5357F4A6-F1A0-47A3-BADA-F3818FC63132}"
EndProject
Project("{8BC9CEB8-8B4A-11D0-8D11-00A0C91BC942}") = "a036_qsort", "a036_qsort\a036_qsort.vcxproj", "{41EDF6A2-659E-4B2C-BDE2-82E3AC6141D1}"
EndProject
Project("{8BC9CEB8-8B4A-11D0-8D11-00A0C91BC942}") = "a037_recursiveBinarySearch", "a037_recursiveBinarySearch\a037_recursiveBinarySearch.vcxproj", "{637ED1EF-320A-47C6-AAA2-4494DF5BB2A9}"
EndProject
Project("{8BC9CEB8-8B4A-11D0-8D11-00A0C91BC942}") = "a052_closestPair", "a052_closestPair\a052_closestPair.vcxproj", "{B42B8F67-2637-41E6-8DF6-F14DAC302962}"
EndProject
Project("{8BC9CEB8-8B4A-11D0-8D11-00A0C91BC942}") = "a053_structAndUnion", "a053_structAndUnion\a053_structAndUnion.vcxproj", "{43CD6065-40CC-435C-B6E0-120A7235D7EA}"
EndProject
Project("{8BC9CEB8-8B4A-11D0-8D11-00A0C91BC942}") = "a054_linkedList", "a054_linkedList\a054_linkedList.vcxproj", "{25C34ACA-B5B7-4F63-9186-0D225272108C}"
EndProject
Project("{8BC9CEB8-8B4A-11D0-8D11-00A0C91BC942}") = "a055_linkedList", "a055_linkedList\a055_linkedList.vcxproj", "{AAE659B6-236F-4302-A57F-817714069916}"
EndProject
Project("{8BC9CEB8-8B4A-11D0-8D11-00A0C91BC942}") = "a059_heap", "a059_heap\a059_heap.vcxproj", "{DF9AC549-102E-4A7D-9331-EE8A960ED9D5}"
EndProject
Project("{8BC9CEB8-8B4A-11D0-8D11-00A0C91BC942}") = "a056_sortedLinkedList", "a056_sortedLinkedList\a056_sortedLinkedList.vcxproj", "{11407583-C8BB-4888-9AE4-B7DE2A99E1E0}"
EndProject
Project("{8BC9CEB8-8B4A-11D0-8D11-00A0C91BC942}") = "a057_binarySearchTree", "a057_binarySearchTree\a057_binarySearchTree.vcxproj", "{66C36A75-2A0E-48EA-B73F-86117826D28F}"
EndProject
Project("{8BC9CEB8-8B4A-11D0-8D11-00A0C91BC942}") = "a058_binarySearchTreeTraversal", "a058_binarySearchTreeTraversal\a058_binarySearchTreeTraversal.vcxproj", "{39D6AAE8-549D-465E-BC7A-97AD859D183A}"
EndProject
Project("{8BC9CEB8-8B4A-11D0-8D11-00A0C91BC942}") = "a060_xArray", "a060_xArray\a060_xArray.vcxproj", "{041D6E0A-E0E8-4946-B15A-6B2FFD020915}"
EndProject
Project("{8BC9CEB8-8B4A-11D0-8D11-00A0C91BC942}") = "a061_magicSquare", "a061_magicSquare\a061_magicSquare.vcxproj", "{F681503C-00A8-4AC2-ACD3-9DB21A6EF115}"
EndProject
Project("{8BC9CEB8-8B4A-11D0-8D11-00A0C91BC942}") = "a062_magicSquare2", "a062_magicSquare2\a062_magicSquare2.vcxproj", "{BE44F7B5-DCE5-4F8B-AD08-6885079E5163}"
EndProject
Project("{8BC9CEB8-8B4A-11D0-8D11-00A0C91BC942}") = "a063_score", "a063_score\a063_score.vcxproj", "{27D56D7F-16A2-4C6A-9E1D-3FD789302664}"
EndProject
Project("{8BC9CEB8-8B4A-11D0-8D11-00A0C91BC942}") = "a064_day_of_year", "a064_day_of_year\a064_day_of_year.vcxproj", "{91ED804A-6E2D-483E-A1E7-B55D42A62C14}"
EndProject
Project("{8BC9CEB8-8B4A-11D0-8D11-00A0C91BC942}") = "a065_zeller", "a065_zeller\a065_zeller.vcxproj", "{76E4F43E-1E8E-46E6-BCFE-AE4745A9D961}"
EndProject
Project("{8BC9CEB8-8B4A-11D0-8D11-00A0C91BC942}") = "a066_calendar", "a066_calendar\a066_calendar.vcxproj", "{3D68CD40-161F-469B-A793-E4E49709BAAA}"
EndProject
Project("{8BC9CEB8-8B4A-11D0-8D11-00A0C91BC942}") = "a067_time", "a067_time\a067_time.vcxproj", "{2A66D0C3-6A13-454B-ADCE-A34472EBD816}"
EndProject
Project("{8BC9CEB8-8B4A-11D0-8D11-00A0C91BC942}") = "a068_lifeCalc", "a068_lifeCalc\a068_lifeCalc.vcxproj", "{A9BB3BB9-201E-4578-99D3-A7E84F45CC01}"
EndProject
Project("{8BC9CEB8-8B4A-11D0-8D11-00A0C91BC942}") = "a069_findingWeekDay", "a069_findingWeekDay\a069_findingWeekDay.vcxproj", "{3FE51145-5855-411E-A8EA-42FD913D6D60}"
EndProject
Project("{8BC9CEB8-8B4A-11D0-8D11-00A0C91BC942}") = "a070_passwordChecker", "a070_passwordChecker\a070_passwordChecker.vcxproj", "{C72059E8-D160-4FD4-9FE9-E1265A93A25D}"
EndProject
Project("{8BC9CEB8-8B4A-11D0-8D11-00A0C91BC942}") = "a071_registNumber", "a071_registNumber\a071_registNumber.vcxproj", "{02A3EC6A-46C8-428D-ABEF-D6840DD9A2ED}"
EndProject
Global
	GlobalSection(SolutionConfigurationPlatforms) = preSolution
		Debug|x64 = Debug|x64
		Debug|x86 = Debug|x86
		Release|x64 = Release|x64
		Release|x86 = Release|x86
	EndGlobalSection
	GlobalSection(ProjectConfigurationPlatforms) = postSolution
		{B32BF69B-8994-424D-B366-B6FA3F742D25}.Debug|x64.ActiveCfg = Debug|x64
		{B32BF69B-8994-424D-B366-B6FA3F742D25}.Debug|x64.Build.0 = Debug|x64
		{B32BF69B-8994-424D-B366-B6FA3F742D25}.Debug|x86.ActiveCfg = Debug|Win32
		{B32BF69B-8994-424D-B366-B6FA3F742D25}.Debug|x86.Build.0 = Debug|Win32
		{B32BF69B-8994-424D-B366-B6FA3F742D25}.Release|x64.ActiveCfg = Release|x64
		{B32BF69B-8994-424D-B366-B6FA3F742D25}.Release|x64.Build.0 = Release|x64
		{B32BF69B-8994-424D-B366-B6FA3F742D25}.Release|x86.ActiveCfg = Release|Win32
		{B32BF69B-8994-424D-B366-B6FA3F742D25}.Release|x86.Build.0 = Release|Win32
		{00CCD96B-6750-4CF3-BB08-4CB7BEBFF01D}.Debug|x64.ActiveCfg = Debug|x64
		{00CCD96B-6750-4CF3-BB08-4CB7BEBFF01D}.Debug|x64.Build.0 = Debug|x64
		{00CCD96B-6750-4CF3-BB08-4CB7BEBFF01D}.Debug|x86.ActiveCfg = Debug|Win32
		{00CCD96B-6750-4CF3-BB08-4CB7BEBFF01D}.Debug|x86.Build.0 = Debug|Win32
		{00CCD96B-6750-4CF3-BB08-4CB7BEBFF01D}.Release|x64.ActiveCfg = Release|x64
		{00CCD96B-6750-4CF3-BB08-4CB7BEBFF01D}.Release|x64.Build.0 = Release|x64
		{00CCD96B-6750-4CF3-BB08-4CB7BEBFF01D}.Release|x86.ActiveCfg = Release|Win32
		{00CCD96B-6750-4CF3-BB08-4CB7BEBFF01D}.Release|x86.Build.0 = Release|Win32
		{D4EFF6FB-4757-4E65-A782-976B97E607F0}.Debug|x64.ActiveCfg = Debug|x64
		{D4EFF6FB-4757-4E65-A782-976B97E607F0}.Debug|x64.Build.0 = Debug|x64
		{D4EFF6FB-4757-4E65-A782-976B97E607F0}.Debug|x86.ActiveCfg = Debug|Win32
		{D4EFF6FB-4757-4E65-A782-976B97E607F0}.Debug|x86.Build.0 = Debug|Win32
		{D4EFF6FB-4757-4E65-A782-976B97E607F0}.Release|x64.ActiveCfg = Release|x64
		{D4EFF6FB-4757-4E65-A782-976B97E607F0}.Release|x64.Build.0 = Release|x64
		{D4EFF6FB-4757-4E65-A782-976B97E607F0}.Release|x86.ActiveCfg = Release|Win32
		{D4EFF6FB-4757-4E65-A782-976B97E607F0}.Release|x86.Build.0 = Release|Win32
		{213BC3E2-080A-4EA6-9078-F4643B3E7111}.Debug|x64.ActiveCfg = Debug|x64
		{213BC3E2-080A-4EA6-9078-F4643B3E7111}.Debug|x64.Build.0 = Debug|x64
		{213BC3E2-080A-4EA6-9078-F4643B3E7111}.Debug|x86.ActiveCfg = Debug|Win32
		{213BC3E2-080A-4EA6-9078-F4643B3E7111}.Debug|x86.Build.0 = Debug|Win32
		{213BC3E2-080A-4EA6-9078-F4643B3E7111}.Release|x64.ActiveCfg = Release|x64
		{213BC3E2-080A-4EA6-9078-F4643B3E7111}.Release|x64.Build.0 = Release|x64
		{213BC3E2-080A-4EA6-9078-F4643B3E7111}.Release|x86.ActiveCfg = Release|Win32
		{213BC3E2-080A-4EA6-9078-F4643B3E7111}.Release|x86.Build.0 = Release|Win32
		{7A67D757-D741-4053-A036-397BC6C28465}.Debug|x64.ActiveCfg = Debug|x64
		{7A67D757-D741-4053-A036-397BC6C28465}.Debug|x64.Build.0 = Debug|x64
		{7A67D757-D741-4053-A036-397BC6C28465}.Debug|x86.ActiveCfg = Debug|Win32
		{7A67D757-D741-4053-A036-397BC6C28465}.Debug|x86.Build.0 = Debug|Win32
		{7A67D757-D741-4053-A036-397BC6C28465}.Release|x64.ActiveCfg = Release|x64
		{7A67D757-D741-4053-A036-397BC6C28465}.Release|x64.Build.0 = Release|x64
		{7A67D757-D741-4053-A036-397BC6C28465}.Release|x86.ActiveCfg = Release|Win32
		{7A67D757-D741-4053-A036-397BC6C28465}.Release|x86.Build.0 = Release|Win32
		{B7094C28-2D74-46A6-8D78-259ED3752A79}.Debug|x64.ActiveCfg = Debug|x64
		{B7094C28-2D74-46A6-8D78-259ED3752A79}.Debug|x64.Build.0 = Debug|x64
		{B7094C28-2D74-46A6-8D78-259ED3752A79}.Debug|x86.ActiveCfg = Debug|Win32
		{B7094C28-2D74-46A6-8D78-259ED3752A79}.Debug|x86.Build.0 = Debug|Win32
		{B7094C28-2D74-46A6-8D78-259ED3752A79}.Release|x64.ActiveCfg = Release|x64
		{B7094C28-2D74-46A6-8D78-259ED3752A79}.Release|x64.Build.0 = Release|x64
		{B7094C28-2D74-46A6-8D78-259ED3752A79}.Release|x86.ActiveCfg = Release|Win32
		{B7094C28-2D74-46A6-8D78-259ED3752A79}.Release|x86.Build.0 = Release|Win32
		{BFB9DEF5-DD9D-481B-AF11-E7C959AE1F8D}.Debug|x64.ActiveCfg = Debug|x64
		{BFB9DEF5-DD9D-481B-AF11-E7C959AE1F8D}.Debug|x64.Build.0 = Debug|x64
		{BFB9DEF5-DD9D-481B-AF11-E7C959AE1F8D}.Debug|x86.ActiveCfg = Debug|Win32
		{BFB9DEF5-DD9D-481B-AF11-E7C959AE1F8D}.Debug|x86.Build.0 = Debug|Win32
		{BFB9DEF5-DD9D-481B-AF11-E7C959AE1F8D}.Release|x64.ActiveCfg = Release|x64
		{BFB9DEF5-DD9D-481B-AF11-E7C959AE1F8D}.Release|x64.Build.0 = Release|x64
		{BFB9DEF5-DD9D-481B-AF11-E7C959AE1F8D}.Release|x86.ActiveCfg = Release|Win32
		{BFB9DEF5-DD9D-481B-AF11-E7C959AE1F8D}.Release|x86.Build.0 = Release|Win32
		{93360EC2-63B4-4774-B739-76AA4C52834A}.Debug|x64.ActiveCfg = Debug|x64
		{93360EC2-63B4-4774-B739-76AA4C52834A}.Debug|x64.Build.0 = Debug|x64
		{93360EC2-63B4-4774-B739-76AA4C52834A}.Debug|x86.ActiveCfg = Debug|Win32
		{93360EC2-63B4-4774-B739-76AA4C52834A}.Debug|x86.Build.0 = Debug|Win32
		{93360EC2-63B4-4774-B739-76AA4C52834A}.Release|x64.ActiveCfg = Release|x64
		{93360EC2-63B4-4774-B739-76AA4C52834A}.Release|x64.Build.0 = Release|x64
		{93360EC2-63B4-4774-B739-76AA4C52834A}.Release|x86.ActiveCfg = Release|Win32
		{93360EC2-63B4-4774-B739-76AA4C52834A}.Release|x86.Build.0 = Release|Win32
		{885E0D13-C881-4F90-A81C-50A1625C22BC}.Debug|x64.ActiveCfg = Debug|x64
		{885E0D13-C881-4F90-A81C-50A1625C22BC}.Debug|x64.Build.0 = Debug|x64
		{885E0D13-C881-4F90-A81C-50A1625C22BC}.Debug|x86.ActiveCfg = Debug|Win32
		{885E0D13-C881-4F90-A81C-50A1625C22BC}.Debug|x86.Build.0 = Debug|Win32
		{885E0D13-C881-4F90-A81C-50A1625C22BC}.Release|x64.ActiveCfg = Release|x64
		{885E0D13-C881-4F90-A81C-50A1625C22BC}.Release|x64.Build.0 = Release|x64
		{885E0D13-C881-4F90-A81C-50A1625C22BC}.Release|x86.ActiveCfg = Release|Win32
		{885E0D13-C881-4F90-A81C-50A1625C22BC}.Release|x86.Build.0 = Release|Win32
		{BC797B73-11F0-4CF1-BB97-7276347BB8AC}.Debug|x64.ActiveCfg = Debug|x64
		{BC797B73-11F0-4CF1-BB97-7276347BB8AC}.Debug|x64.Build.0 = Debug|x64
		{BC797B73-11F0-4CF1-BB97-7276347BB8AC}.Debug|x86.ActiveCfg = Debug|Win32
		{BC797B73-11F0-4CF1-BB97-7276347BB8AC}.Debug|x86.Build.0 = Debug|Win32
		{BC797B73-11F0-4CF1-BB97-7276347BB8AC}.Release|x64.ActiveCfg = Release|x64
		{BC797B73-11F0-4CF1-BB97-7276347BB8AC}.Release|x64.Build.0 = Release|x64
		{BC797B73-11F0-4CF1-BB97-7276347BB8AC}.Release|x86.ActiveCfg = Release|Win32
		{BC797B73-11F0-4CF1-BB97-7276347BB8AC}.Release|x86.Build.0 = Release|Win32
		{1FD3674F-AA32-4CF8-9D8B-FC11DF3145B3}.Debug|x64.ActiveCfg = Debug|x64
		{1FD3674F-AA32-4CF8-9D8B-FC11DF3145B3}.Debug|x64.Build.0 = Debug|x64
		{1FD3674F-AA32-4CF8-9D8B-FC11DF3145B3}.Debug|x86.ActiveCfg = Debug|Win32
		{1FD3674F-AA32-4CF8-9D8B-FC11DF3145B3}.Debug|x86.Build.0 = Debug|Win32
		{1FD3674F-AA32-4CF8-9D8B-FC11DF3145B3}.Release|x64.ActiveCfg = Release|x64
		{1FD3674F-AA32-4CF8-9D8B-FC11DF3145B3}.Release|x64.Build.0 = Release|x64
		{1FD3674F-AA32-4CF8-9D8B-FC11DF3145B3}.Release|x86.ActiveCfg = Release|Win32
		{1FD3674F-AA32-4CF8-9D8B-FC11DF3145B3}.Release|x86.Build.0 = Release|Win32
		{326D5373-3844-4E7F-8878-7523E0BFFDA0}.Debug|x64.ActiveCfg = Debug|x64
		{326D5373-3844-4E7F-8878-7523E0BFFDA0}.Debug|x64.Build.0 = Debug|x64
		{326D5373-3844-4E7F-8878-7523E0BFFDA0}.Debug|x86.ActiveCfg = Debug|Win32
		{326D5373-3844-4E7F-8878-7523E0BFFDA0}.Debug|x86.Build.0 = Debug|Win32
		{326D5373-3844-4E7F-8878-7523E0BFFDA0}.Release|x64.ActiveCfg = Release|x64
		{326D5373-3844-4E7F-8878-7523E0BFFDA0}.Release|x64.Build.0 = Release|x64
		{326D5373-3844-4E7F-8878-7523E0BFFDA0}.Release|x86.ActiveCfg = Release|Win32
		{326D5373-3844-4E7F-8878-7523E0BFFDA0}.Release|x86.Build.0 = Release|Win32
		{E890EFF0-0CC4-46A6-B593-6BBF93D5B510}.Debug|x64.ActiveCfg = Debug|x64
		{E890EFF0-0CC4-46A6-B593-6BBF93D5B510}.Debug|x64.Build.0 = Debug|x64
		{E890EFF0-0CC4-46A6-B593-6BBF93D5B510}.Debug|x86.ActiveCfg = Debug|Win32
		{E890EFF0-0CC4-46A6-B593-6BBF93D5B510}.Debug|x86.Build.0 = Debug|Win32
		{E890EFF0-0CC4-46A6-B593-6BBF93D5B510}.Release|x64.ActiveCfg = Release|x64
		{E890EFF0-0CC4-46A6-B593-6BBF93D5B510}.Release|x64.Build.0 = Release|x64
		{E890EFF0-0CC4-46A6-B593-6BBF93D5B510}.Release|x86.ActiveCfg = Release|Win32
		{E890EFF0-0CC4-46A6-B593-6BBF93D5B510}.Release|x86.Build.0 = Release|Win32
		{F99A56A7-B753-4720-822C-4D094C142D09}.Debug|x64.ActiveCfg = Debug|x64
		{F99A56A7-B753-4720-822C-4D094C142D09}.Debug|x64.Build.0 = Debug|x64
		{F99A56A7-B753-4720-822C-4D094C142D09}.Debug|x86.ActiveCfg = Debug|Win32
		{F99A56A7-B753-4720-822C-4D094C142D09}.Debug|x86.Build.0 = Debug|Win32
		{F99A56A7-B753-4720-822C-4D094C142D09}.Release|x64.ActiveCfg = Release|x64
		{F99A56A7-B753-4720-822C-4D094C142D09}.Release|x64.Build.0 = Release|x64
		{F99A56A7-B753-4720-822C-4D094C142D09}.Release|x86.ActiveCfg = Release|Win32
		{F99A56A7-B753-4720-822C-4D094C142D09}.Release|x86.Build.0 = Release|Win32
		{FEDC07D1-A5F1-4B41-8313-64A39452A69F}.Debug|x64.ActiveCfg = Debug|x64
		{FEDC07D1-A5F1-4B41-8313-64A39452A69F}.Debug|x64.Build.0 = Debug|x64
		{FEDC07D1-A5F1-4B41-8313-64A39452A69F}.Debug|x86.ActiveCfg = Debug|Win32
		{FEDC07D1-A5F1-4B41-8313-64A39452A69F}.Debug|x86.Build.0 = Debug|Win32
		{FEDC07D1-A5F1-4B41-8313-64A39452A69F}.Release|x64.ActiveCfg = Release|x64
		{FEDC07D1-A5F1-4B41-8313-64A39452A69F}.Release|x64.Build.0 = Release|x64
		{FEDC07D1-A5F1-4B41-8313-64A39452A69F}.Release|x86.ActiveCfg = Release|Win32
		{FEDC07D1-A5F1-4B41-8313-64A39452A69F}.Release|x86.Build.0 = Release|Win32
		{728D9BA3-3668-449F-AB89-1A951E3C39E9}.Debug|x64.ActiveCfg = Debug|x64
		{728D9BA3-3668-449F-AB89-1A951E3C39E9}.Debug|x64.Build.0 = Debug|x64
		{728D9BA3-3668-449F-AB89-1A951E3C39E9}.Debug|x86.ActiveCfg = Debug|Win32
		{728D9BA3-3668-449F-AB89-1A951E3C39E9}.Debug|x86.Build.0 = Debug|Win32
		{728D9BA3-3668-449F-AB89-1A951E3C39E9}.Release|x64.ActiveCfg = Release|x64
		{728D9BA3-3668-449F-AB89-1A951E3C39E9}.Release|x64.Build.0 = Release|x64
		{728D9BA3-3668-449F-AB89-1A951E3C39E9}.Release|x86.ActiveCfg = Release|Win32
		{728D9BA3-3668-449F-AB89-1A951E3C39E9}.Release|x86.Build.0 = Release|Win32
		{010AC4AB-D35E-4E21-930E-C0E5999A814A}.Debug|x64.ActiveCfg = Debug|x64
		{010AC4AB-D35E-4E21-930E-C0E5999A814A}.Debug|x64.Build.0 = Debug|x64
		{010AC4AB-D35E-4E21-930E-C0E5999A814A}.Debug|x86.ActiveCfg = Debug|Win32
		{010AC4AB-D35E-4E21-930E-C0E5999A814A}.Debug|x86.Build.0 = Debug|Win32
		{010AC4AB-D35E-4E21-930E-C0E5999A814A}.Release|x64.ActiveCfg = Release|x64
		{010AC4AB-D35E-4E21-930E-C0E5999A814A}.Release|x64.Build.0 = Release|x64
		{010AC4AB-D35E-4E21-930E-C0E5999A814A}.Release|x86.ActiveCfg = Release|Win32
		{010AC4AB-D35E-4E21-930E-C0E5999A814A}.Release|x86.Build.0 = Release|Win32
		{F9C5D46D-B24A-4956-A4B5-7ACDD8EF39FE}.Debug|x64.ActiveCfg = Debug|x64
		{F9C5D46D-B24A-4956-A4B5-7ACDD8EF39FE}.Debug|x64.Build.0 = Debug|x64
		{F9C5D46D-B24A-4956-A4B5-7ACDD8EF39FE}.Debug|x86.ActiveCfg = Debug|Win32
		{F9C5D46D-B24A-4956-A4B5-7ACDD8EF39FE}.Debug|x86.Build.0 = Debug|Win32
		{F9C5D46D-B24A-4956-A4B5-7ACDD8EF39FE}.Release|x64.ActiveCfg = Release|x64
		{F9C5D46D-B24A-4956-A4B5-7ACDD8EF39FE}.Release|x64.Build.0 = Release|x64
		{F9C5D46D-B24A-4956-A4B5-7ACDD8EF39FE}.Release|x86.ActiveCfg = Release|Win32
		{F9C5D46D-B24A-4956-A4B5-7ACDD8EF39FE}.Release|x86.Build.0 = Release|Win32
		{3BC40748-E64D-4A42-A36A-3D5FE58C69CA}.Debug|x64.ActiveCfg = Debug|x64
		{3BC40748-E64D-4A42-A36A-3D5FE58C69CA}.Debug|x64.Build.0 = Debug|x64
		{3BC40748-E64D-4A42-A36A-3D5FE58C69CA}.Debug|x86.ActiveCfg = Debug|Win32
		{3BC40748-E64D-4A42-A36A-3D5FE58C69CA}.Debug|x86.Build.0 = Debug|Win32
		{3BC40748-E64D-4A42-A36A-3D5FE58C69CA}.Release|x64.ActiveCfg = Release|x64
		{3BC40748-E64D-4A42-A36A-3D5FE58C69CA}.Release|x64.Build.0 = Release|x64
		{3BC40748-E64D-4A42-A36A-3D5FE58C69CA}.Release|x86.ActiveCfg = Release|Win32
		{3BC40748-E64D-4A42-A36A-3D5FE58C69CA}.Release|x86.Build.0 = Release|Win32
		{F6909476-6195-47ED-A959-35A3A9FB6795}.Debug|x64.ActiveCfg = Debug|x64
		{F6909476-6195-47ED-A959-35A3A9FB6795}.Debug|x64.Build.0 = Debug|x64
		{F6909476-6195-47ED-A959-35A3A9FB6795}.Debug|x86.ActiveCfg = Debug|Win32
		{F6909476-6195-47ED-A959-35A3A9FB6795}.Debug|x86.Build.0 = Debug|Win32
		{F6909476-6195-47ED-A959-35A3A9FB6795}.Release|x64.ActiveCfg = Release|x64
		{F6909476-6195-47ED-A959-35A3A9FB6795}.Release|x64.Build.0 = Release|x64
		{F6909476-6195-47ED-A959-35A3A9FB6795}.Release|x86.ActiveCfg = Release|Win32
		{F6909476-6195-47ED-A959-35A3A9FB6795}.Release|x86.Build.0 = Release|Win32
		{81C3FCB5-F0A4-43A5-A3AF-E10B8175B467}.Debug|x64.ActiveCfg = Debug|x64
		{81C3FCB5-F0A4-43A5-A3AF-E10B8175B467}.Debug|x64.Build.0 = Debug|x64
		{81C3FCB5-F0A4-43A5-A3AF-E10B8175B467}.Debug|x86.ActiveCfg = Debug|Win32
		{81C3FCB5-F0A4-43A5-A3AF-E10B8175B467}.Debug|x86.Build.0 = Debug|Win32
		{81C3FCB5-F0A4-43A5-A3AF-E10B8175B467}.Release|x64.ActiveCfg = Release|x64
		{81C3FCB5-F0A4-43A5-A3AF-E10B8175B467}.Release|x64.Build.0 = Release|x64
		{81C3FCB5-F0A4-43A5-A3AF-E10B8175B467}.Release|x86.ActiveCfg = Release|Win32
		{81C3FCB5-F0A4-43A5-A3AF-E10B8175B467}.Release|x86.Build.0 = Release|Win32
		{87F3F4B5-38E4-4DBC-8D6E-CCB2F84590B1}.Debug|x64.ActiveCfg = Debug|x64
		{87F3F4B5-38E4-4DBC-8D6E-CCB2F84590B1}.Debug|x64.Build.0 = Debug|x64
		{87F3F4B5-38E4-4DBC-8D6E-CCB2F84590B1}.Debug|x86.ActiveCfg = Debug|Win32
		{87F3F4B5-38E4-4DBC-8D6E-CCB2F84590B1}.Debug|x86.Build.0 = Debug|Win32
		{87F3F4B5-38E4-4DBC-8D6E-CCB2F84590B1}.Release|x64.ActiveCfg = Release|x64
		{87F3F4B5-38E4-4DBC-8D6E-CCB2F84590B1}.Release|x64.Build.0 = Release|x64
		{87F3F4B5-38E4-4DBC-8D6E-CCB2F84590B1}.Release|x86.ActiveCfg = Release|Win32
		{87F3F4B5-38E4-4DBC-8D6E-CCB2F84590B1}.Release|x86.Build.0 = Release|Win32
		{D6B3FAC5-C859-42C3-9409-83AC4D8F5F47}.Debug|x64.ActiveCfg = Debug|x64
		{D6B3FAC5-C859-42C3-9409-83AC4D8F5F47}.Debug|x64.Build.0 = Debug|x64
		{D6B3FAC5-C859-42C3-9409-83AC4D8F5F47}.Debug|x86.ActiveCfg = Debug|Win32
		{D6B3FAC5-C859-42C3-9409-83AC4D8F5F47}.Debug|x86.Build.0 = Debug|Win32
		{D6B3FAC5-C859-42C3-9409-83AC4D8F5F47}.Release|x64.ActiveCfg = Release|x64
		{D6B3FAC5-C859-42C3-9409-83AC4D8F5F47}.Release|x64.Build.0 = Release|x64
		{D6B3FAC5-C859-42C3-9409-83AC4D8F5F47}.Release|x86.ActiveCfg = Release|Win32
		{D6B3FAC5-C859-42C3-9409-83AC4D8F5F47}.Release|x86.Build.0 = Release|Win32
		{96B24E92-FB7C-4CAC-96D1-BAA6472245B4}.Debug|x64.ActiveCfg = Debug|x64
		{96B24E92-FB7C-4CAC-96D1-BAA6472245B4}.Debug|x64.Build.0 = Debug|x64
		{96B24E92-FB7C-4CAC-96D1-BAA6472245B4}.Debug|x86.ActiveCfg = Debug|Win32
		{96B24E92-FB7C-4CAC-96D1-BAA6472245B4}.Debug|x86.Build.0 = Debug|Win32
		{96B24E92-FB7C-4CAC-96D1-BAA6472245B4}.Release|x64.ActiveCfg = Release|x64
		{96B24E92-FB7C-4CAC-96D1-BAA6472245B4}.Release|x64.Build.0 = Release|x64
		{96B24E92-FB7C-4CAC-96D1-BAA6472245B4}.Release|x86.ActiveCfg = Release|Win32
		{96B24E92-FB7C-4CAC-96D1-BAA6472245B4}.Release|x86.Build.0 = Release|Win32
		{24A54B43-9A41-46F4-84F2-66DEB10343B5}.Debug|x64.ActiveCfg = Debug|x64
		{24A54B43-9A41-46F4-84F2-66DEB10343B5}.Debug|x64.Build.0 = Debug|x64
		{24A54B43-9A41-46F4-84F2-66DEB10343B5}.Debug|x86.ActiveCfg = Debug|Win32
		{24A54B43-9A41-46F4-84F2-66DEB10343B5}.Debug|x86.Build.0 = Debug|Win32
		{24A54B43-9A41-46F4-84F2-66DEB10343B5}.Release|x64.ActiveCfg = Release|x64
		{24A54B43-9A41-46F4-84F2-66DEB10343B5}.Release|x64.Build.0 = Release|x64
		{24A54B43-9A41-46F4-84F2-66DEB10343B5}.Release|x86.ActiveCfg = Release|Win32
		{24A54B43-9A41-46F4-84F2-66DEB10343B5}.Release|x86.Build.0 = Release|Win32
		{4080106A-48FF-466A-9F68-D9694868E36A}.Debug|x64.ActiveCfg = Debug|x64
		{4080106A-48FF-466A-9F68-D9694868E36A}.Debug|x64.Build.0 = Debug|x64
		{4080106A-48FF-466A-9F68-D9694868E36A}.Debug|x86.ActiveCfg = Debug|Win32
		{4080106A-48FF-466A-9F68-D9694868E36A}.Debug|x86.Build.0 = Debug|Win32
		{4080106A-48FF-466A-9F68-D9694868E36A}.Release|x64.ActiveCfg = Release|x64
		{4080106A-48FF-466A-9F68-D9694868E36A}.Release|x64.Build.0 = Release|x64
		{4080106A-48FF-466A-9F68-D9694868E36A}.Release|x86.ActiveCfg = Release|Win32
		{4080106A-48FF-466A-9F68-D9694868E36A}.Release|x86.Build.0 = Release|Win32
		{B080B518-6466-4488-BBEA-A79965654BD2}.Debug|x64.ActiveCfg = Debug|x64
		{B080B518-6466-4488-BBEA-A79965654BD2}.Debug|x64.Build.0 = Debug|x64
		{B080B518-6466-4488-BBEA-A79965654BD2}.Debug|x86.ActiveCfg = Debug|Win32
		{B080B518-6466-4488-BBEA-A79965654BD2}.Debug|x86.Build.0 = Debug|Win32
		{B080B518-6466-4488-BBEA-A79965654BD2}.Release|x64.ActiveCfg = Release|x64
		{B080B518-6466-4488-BBEA-A79965654BD2}.Release|x64.Build.0 = Release|x64
		{B080B518-6466-4488-BBEA-A79965654BD2}.Release|x86.ActiveCfg = Release|Win32
		{B080B518-6466-4488-BBEA-A79965654BD2}.Release|x86.Build.0 = Release|Win32
		{0E1456C7-B07B-4986-A76D-A2638B4FE1E2}.Debug|x64.ActiveCfg = Debug|x64
		{0E1456C7-B07B-4986-A76D-A2638B4FE1E2}.Debug|x64.Build.0 = Debug|x64
		{0E1456C7-B07B-4986-A76D-A2638B4FE1E2}.Debug|x86.ActiveCfg = Debug|Win32
		{0E1456C7-B07B-4986-A76D-A2638B4FE1E2}.Debug|x86.Build.0 = Debug|Win32
		{0E1456C7-B07B-4986-A76D-A2638B4FE1E2}.Release|x64.ActiveCfg = Release|x64
		{0E1456C7-B07B-4986-A76D-A2638B4FE1E2}.Release|x64.Build.0 = Release|x64
		{0E1456C7-B07B-4986-A76D-A2638B4FE1E2}.Release|x86.ActiveCfg = Release|Win32
		{0E1456C7-B07B-4986-A76D-A2638B4FE1E2}.Release|x86.Build.0 = Release|Win32
		{20FF3505-4B4E-47CB-8622-ECE9AE21762C}.Debug|x64.ActiveCfg = Debug|x64
		{20FF3505-4B4E-47CB-8622-ECE9AE21762C}.Debug|x64.Build.0 = Debug|x64
		{20FF3505-4B4E-47CB-8622-ECE9AE21762C}.Debug|x86.ActiveCfg = Debug|Win32
		{20FF3505-4B4E-47CB-8622-ECE9AE21762C}.Debug|x86.Build.0 = Debug|Win32
		{20FF3505-4B4E-47CB-8622-ECE9AE21762C}.Release|x64.ActiveCfg = Release|x64
		{20FF3505-4B4E-47CB-8622-ECE9AE21762C}.Release|x64.Build.0 = Release|x64
		{20FF3505-4B4E-47CB-8622-ECE9AE21762C}.Release|x86.ActiveCfg = Release|Win32
		{20FF3505-4B4E-47CB-8622-ECE9AE21762C}.Release|x86.Build.0 = Release|Win32
		{DAC19A31-1EBF-4A40-8D90-6F77C35C73D0}.Debug|x64.ActiveCfg = Debug|x64
		{DAC19A31-1EBF-4A40-8D90-6F77C35C73D0}.Debug|x64.Build.0 = Debug|x64
		{DAC19A31-1EBF-4A40-8D90-6F77C35C73D0}.Debug|x86.ActiveCfg = Debug|Win32
		{DAC19A31-1EBF-4A40-8D90-6F77C35C73D0}.Debug|x86.Build.0 = Debug|Win32
		{DAC19A31-1EBF-4A40-8D90-6F77C35C73D0}.Release|x64.ActiveCfg = Release|x64
		{DAC19A31-1EBF-4A40-8D90-6F77C35C73D0}.Release|x64.Build.0 = Release|x64
		{DAC19A31-1EBF-4A40-8D90-6F77C35C73D0}.Release|x86.ActiveCfg = Release|Win32
		{DAC19A31-1EBF-4A40-8D90-6F77C35C73D0}.Release|x86.Build.0 = Release|Win32
		{9F874D59-5B80-4D9C-BEF7-12F6137F5A86}.Debug|x64.ActiveCfg = Debug|x64
		{9F874D59-5B80-4D9C-BEF7-12F6137F5A86}.Debug|x64.Build.0 = Debug|x64
		{9F874D59-5B80-4D9C-BEF7-12F6137F5A86}.Debug|x86.ActiveCfg = Debug|Win32
		{9F874D59-5B80-4D9C-BEF7-12F6137F5A86}.Debug|x86.Build.0 = Debug|Win32
		{9F874D59-5B80-4D9C-BEF7-12F6137F5A86}.Release|x64.ActiveCfg = Release|x64
		{9F874D59-5B80-4D9C-BEF7-12F6137F5A86}.Release|x64.Build.0 = Release|x64
		{9F874D59-5B80-4D9C-BEF7-12F6137F5A86}.Release|x86.ActiveCfg = Release|Win32
		{9F874D59-5B80-4D9C-BEF7-12F6137F5A86}.Release|x86.Build.0 = Release|Win32
		{FB51F8E2-660E-43B9-9B58-1F89C23F076C}.Debug|x64.ActiveCfg = Debug|x64
		{FB51F8E2-660E-43B9-9B58-1F89C23F076C}.Debug|x64.Build.0 = Debug|x64
		{FB51F8E2-660E-43B9-9B58-1F89C23F076C}.Debug|x86.ActiveCfg = Debug|Win32
		{FB51F8E2-660E-43B9-9B58-1F89C23F076C}.Debug|x86.Build.0 = Debug|Win32
		{FB51F8E2-660E-43B9-9B58-1F89C23F076C}.Release|x64.ActiveCfg = Release|x64
		{FB51F8E2-660E-43B9-9B58-1F89C23F076C}.Release|x64.Build.0 = Release|x64
		{FB51F8E2-660E-43B9-9B58-1F89C23F076C}.Release|x86.ActiveCfg = Release|Win32
		{FB51F8E2-660E-43B9-9B58-1F89C23F076C}.Release|x86.Build.0 = Release|Win32
		{EB766762-8B04-477D-A775-6ACBB2EDD22C}.Debug|x64.ActiveCfg = Debug|x64
		{EB766762-8B04-477D-A775-6ACBB2EDD22C}.Debug|x64.Build.0 = Debug|x64
		{EB766762-8B04-477D-A775-6ACBB2EDD22C}.Debug|x86.ActiveCfg = Debug|Win32
		{EB766762-8B04-477D-A775-6ACBB2EDD22C}.Debug|x86.Build.0 = Debug|Win32
		{EB766762-8B04-477D-A775-6ACBB2EDD22C}.Release|x64.ActiveCfg = Release|x64
		{EB766762-8B04-477D-A775-6ACBB2EDD22C}.Release|x64.Build.0 = Release|x64
		{EB766762-8B04-477D-A775-6ACBB2EDD22C}.Release|x86.ActiveCfg = Release|Win32
		{EB766762-8B04-477D-A775-6ACBB2EDD22C}.Release|x86.Build.0 = Release|Win32
		{C444B2D3-A881-4A9A-8BA2-2C3C632B54CA}.Debug|x64.ActiveCfg = Debug|x64
		{C444B2D3-A881-4A9A-8BA2-2C3C632B54CA}.Debug|x64.Build.0 = Debug|x64
		{C444B2D3-A881-4A9A-8BA2-2C3C632B54CA}.Debug|x86.ActiveCfg = Debug|Win32
		{C444B2D3-A881-4A9A-8BA2-2C3C632B54CA}.Debug|x86.Build.0 = Debug|Win32
		{C444B2D3-A881-4A9A-8BA2-2C3C632B54CA}.Release|x64.ActiveCfg = Release|x64
		{C444B2D3-A881-4A9A-8BA2-2C3C632B54CA}.Release|x64.Build.0 = Release|x64
		{C444B2D3-A881-4A9A-8BA2-2C3C632B54CA}.Release|x86.ActiveCfg = Release|Win32
		{C444B2D3-A881-4A9A-8BA2-2C3C632B54CA}.Release|x86.Build.0 = Release|Win32
		{EB4ACC77-E641-4B2C-A6FC-A0783591B03E}.Debug|x64.ActiveCfg = Debug|x64
		{EB4ACC77-E641-4B2C-A6FC-A0783591B03E}.Debug|x64.Build.0 = Debug|x64
		{EB4ACC77-E641-4B2C-A6FC-A0783591B03E}.Debug|x86.ActiveCfg = Debug|Win32
		{EB4ACC77-E641-4B2C-A6FC-A0783591B03E}.Debug|x86.Build.0 = Debug|Win32
		{EB4ACC77-E641-4B2C-A6FC-A0783591B03E}.Release|x64.ActiveCfg = Release|x64
		{EB4ACC77-E641-4B2C-A6FC-A0783591B03E}.Release|x64.Build.0 = Release|x64
		{EB4ACC77-E641-4B2C-A6FC-A0783591B03E}.Release|x86.ActiveCfg = Release|Win32
		{EB4ACC77-E641-4B2C-A6FC-A0783591B03E}.Release|x86.Build.0 = Release|Win32
		{1DF8723E-74AD-4233-885D-6744C355721A}.Debug|x64.ActiveCfg = Debug|x64
		{1DF8723E-74AD-4233-885D-6744C355721A}.Debug|x64.Build.0 = Debug|x64
		{1DF8723E-74AD-4233-885D-6744C355721A}.Debug|x86.ActiveCfg = Debug|Win32
		{1DF8723E-74AD-4233-885D-6744C355721A}.Debug|x86.Build.0 = Debug|Win32
		{1DF8723E-74AD-4233-885D-6744C355721A}.Release|x64.ActiveCfg = Release|x64
		{1DF8723E-74AD-4233-885D-6744C355721A}.Release|x64.Build.0 = Release|x64
		{1DF8723E-74AD-4233-885D-6744C355721A}.Release|x86.ActiveCfg = Release|Win32
		{1DF8723E-74AD-4233-885D-6744C355721A}.Release|x86.Build.0 = Release|Win32
		{711BCDB6-2E2F-49B7-BBA6-C6F72BAA0217}.Debug|x64.ActiveCfg = Debug|x64
		{711BCDB6-2E2F-49B7-BBA6-C6F72BAA0217}.Debug|x64.Build.0 = Debug|x64
		{711BCDB6-2E2F-49B7-BBA6-C6F72BAA0217}.Debug|x86.ActiveCfg = Debug|Win32
		{711BCDB6-2E2F-49B7-BBA6-C6F72BAA0217}.Debug|x86.Build.0 = Debug|Win32
		{711BCDB6-2E2F-49B7-BBA6-C6F72BAA0217}.Release|x64.ActiveCfg = Release|x64
		{711BCDB6-2E2F-49B7-BBA6-C6F72BAA0217}.Release|x64.Build.0 = Release|x64
		{711BCDB6-2E2F-49B7-BBA6-C6F72BAA0217}.Release|x86.ActiveCfg = Release|Win32
		{711BCDB6-2E2F-49B7-BBA6-C6F72BAA0217}.Release|x86.Build.0 = Release|Win32
		{0833760F-FE37-471A-8365-98A24904769B}.Debug|x64.ActiveCfg = Debug|x64
		{0833760F-FE37-471A-8365-98A24904769B}.Debug|x64.Build.0 = Debug|x64
		{0833760F-FE37-471A-8365-98A24904769B}.Debug|x86.ActiveCfg = Debug|Win32
		{0833760F-FE37-471A-8365-98A24904769B}.Debug|x86.Build.0 = Debug|Win32
		{0833760F-FE37-471A-8365-98A24904769B}.Release|x64.ActiveCfg = Release|x64
		{0833760F-FE37-471A-8365-98A24904769B}.Release|x64.Build.0 = Release|x64
		{0833760F-FE37-471A-8365-98A24904769B}.Release|x86.ActiveCfg = Release|Win32
		{0833760F-FE37-471A-8365-98A24904769B}.Release|x86.Build.0 = Release|Win32
		{8D371EA9-714A-4812-B70D-1BC61B7EBB0C}.Debug|x64.ActiveCfg = Debug|x64
		{8D371EA9-714A-4812-B70D-1BC61B7EBB0C}.Debug|x64.Build.0 = Debug|x64
		{8D371EA9-714A-4812-B70D-1BC61B7EBB0C}.Debug|x86.ActiveCfg = Debug|Win32
		{8D371EA9-714A-4812-B70D-1BC61B7EBB0C}.Debug|x86.Build.0 = Debug|Win32
		{8D371EA9-714A-4812-B70D-1BC61B7EBB0C}.Release|x64.ActiveCfg = Release|x64
		{8D371EA9-714A-4812-B70D-1BC61B7EBB0C}.Release|x64.Build.0 = Release|x64
		{8D371EA9-714A-4812-B70D-1BC61B7EBB0C}.Release|x86.ActiveCfg = Release|Win32
		{8D371EA9-714A-4812-B70D-1BC61B7EBB0C}.Release|x86.Build.0 = Release|Win32
		{5404CE80-0714-4CB0-976F-D5A2D6BDF13C}.Debug|x64.ActiveCfg = Debug|x64
		{5404CE80-0714-4CB0-976F-D5A2D6BDF13C}.Debug|x64.Build.0 = Debug|x64
		{5404CE80-0714-4CB0-976F-D5A2D6BDF13C}.Debug|x86.ActiveCfg = Debug|Win32
		{5404CE80-0714-4CB0-976F-D5A2D6BDF13C}.Debug|x86.Build.0 = Debug|Win32
		{5404CE80-0714-4CB0-976F-D5A2D6BDF13C}.Release|x64.ActiveCfg = Release|x64
		{5404CE80-0714-4CB0-976F-D5A2D6BDF13C}.Release|x64.Build.0 = Release|x64
		{5404CE80-0714-4CB0-976F-D5A2D6BDF13C}.Release|x86.ActiveCfg = Release|Win32
		{5404CE80-0714-4CB0-976F-D5A2D6BDF13C}.Release|x86.Build.0 = Release|Win32
		{3316B8DB-4C9D-40FC-8414-09D69259F598}.Debug|x64.ActiveCfg = Debug|x64
		{3316B8DB-4C9D-40FC-8414-09D69259F598}.Debug|x64.Build.0 = Debug|x64
		{3316B8DB-4C9D-40FC-8414-09D69259F598}.Debug|x86.ActiveCfg = Debug|Win32
		{3316B8DB-4C9D-40FC-8414-09D69259F598}.Debug|x86.Build.0 = Debug|Win32
		{3316B8DB-4C9D-40FC-8414-09D69259F598}.Release|x64.ActiveCfg = Release|x64
		{3316B8DB-4C9D-40FC-8414-09D69259F598}.Release|x64.Build.0 = Release|x64
		{3316B8DB-4C9D-40FC-8414-09D69259F598}.Release|x86.ActiveCfg = Release|Win32
		{3316B8DB-4C9D-40FC-8414-09D69259F598}.Release|x86.Build.0 = Release|Win32
		{A4246EB5-6F87-4D81-923C-FE9DEE894AB6}.Debug|x64.ActiveCfg = Debug|x64
		{A4246EB5-6F87-4D81-923C-FE9DEE894AB6}.Debug|x64.Build.0 = Debug|x64
		{A4246EB5-6F87-4D81-923C-FE9DEE894AB6}.Debug|x86.ActiveCfg = Debug|Win32
		{A4246EB5-6F87-4D81-923C-FE9DEE894AB6}.Debug|x86.Build.0 = Debug|Win32
		{A4246EB5-6F87-4D81-923C-FE9DEE894AB6}.Release|x64.ActiveCfg = Release|x64
		{A4246EB5-6F87-4D81-923C-FE9DEE894AB6}.Release|x64.Build.0 = Release|x64
		{A4246EB5-6F87-4D81-923C-FE9DEE894AB6}.Release|x86.ActiveCfg = Release|Win32
		{A4246EB5-6F87-4D81-923C-FE9DEE894AB6}.Release|x86.Build.0 = Release|Win32
		{EA553FCC-57B9-4BAA-95FF-78262EDD0AE1}.Debug|x64.ActiveCfg = Debug|x64
		{EA553FCC-57B9-4BAA-95FF-78262EDD0AE1}.Debug|x64.Build.0 = Debug|x64
		{EA553FCC-57B9-4BAA-95FF-78262EDD0AE1}.Debug|x86.ActiveCfg = Debug|Win32
		{EA553FCC-57B9-4BAA-95FF-78262EDD0AE1}.Debug|x86.Build.0 = Debug|Win32
		{EA553FCC-57B9-4BAA-95FF-78262EDD0AE1}.Release|x64.ActiveCfg = Release|x64
		{EA553FCC-57B9-4BAA-95FF-78262EDD0AE1}.Release|x64.Build.0 = Release|x64
		{EA553FCC-57B9-4BAA-95FF-78262EDD0AE1}.Release|x86.ActiveCfg = Release|Win32
		{EA553FCC-57B9-4BAA-95FF-78262EDD0AE1}.Release|x86.Build.0 = Release|Win32
		{729B0AE0-84ED-414D-9F6E-78D85DE7AD6B}.Debug|x64.ActiveCfg = Debug|x64
		{729B0AE0-84ED-414D-9F6E-78D85DE7AD6B}.Debug|x64.Build.0 = Debug|x64
		{729B0AE0-84ED-414D-9F6E-78D85DE7AD6B}.Debug|x86.ActiveCfg = Debug|Win32
		{729B0AE0-84ED-414D-9F6E-78D85DE7AD6B}.Debug|x86.Build.0 = Debug|Win32
		{729B0AE0-84ED-414D-9F6E-78D85DE7AD6B}.Release|x64.ActiveCfg = Release|x64
		{729B0AE0-84ED-414D-9F6E-78D85DE7AD6B}.Release|x64.Build.0 = Release|x64
		{729B0AE0-84ED-414D-9F6E-78D85DE7AD6B}.Release|x86.ActiveCfg = Release|Win32
		{729B0AE0-84ED-414D-9F6E-78D85DE7AD6B}.Release|x86.Build.0 = Release|Win32
		{47164C45-FA64-45A8-97AC-2E4066C109EB}.Debug|x64.ActiveCfg = Debug|x64
		{47164C45-FA64-45A8-97AC-2E4066C109EB}.Debug|x64.Build.0 = Debug|x64
		{47164C45-FA64-45A8-97AC-2E4066C109EB}.Debug|x86.ActiveCfg = Debug|Win32
		{47164C45-FA64-45A8-97AC-2E4066C109EB}.Debug|x86.Build.0 = Debug|Win32
		{47164C45-FA64-45A8-97AC-2E4066C109EB}.Release|x64.ActiveCfg = Release|x64
		{47164C45-FA64-45A8-97AC-2E4066C109EB}.Release|x64.Build.0 = Release|x64
		{47164C45-FA64-45A8-97AC-2E4066C109EB}.Release|x86.ActiveCfg = Release|Win32
		{47164C45-FA64-45A8-97AC-2E4066C109EB}.Release|x86.Build.0 = Release|Win32
		{E307B894-CFC1-493E-B9A3-8AB24C7C3699}.Debug|x64.ActiveCfg = Debug|x64
		{E307B894-CFC1-493E-B9A3-8AB24C7C3699}.Debug|x64.Build.0 = Debug|x64
		{E307B894-CFC1-493E-B9A3-8AB24C7C3699}.Debug|x86.ActiveCfg = Debug|Win32
		{E307B894-CFC1-493E-B9A3-8AB24C7C3699}.Debug|x86.Build.0 = Debug|Win32
		{E307B894-CFC1-493E-B9A3-8AB24C7C3699}.Release|x64.ActiveCfg = Release|x64
		{E307B894-CFC1-493E-B9A3-8AB24C7C3699}.Release|x64.Build.0 = Release|x64
		{E307B894-CFC1-493E-B9A3-8AB24C7C3699}.Release|x86.ActiveCfg = Release|Win32
		{E307B894-CFC1-493E-B9A3-8AB24C7C3699}.Release|x86.Build.0 = Release|Win32
		{33DC28EC-05CE-437E-B857-8CD326680D0F}.Debug|x64.ActiveCfg = Debug|x64
		{33DC28EC-05CE-437E-B857-8CD326680D0F}.Debug|x64.Build.0 = Debug|x64
		{33DC28EC-05CE-437E-B857-8CD326680D0F}.Debug|x86.ActiveCfg = Debug|Win32
		{33DC28EC-05CE-437E-B857-8CD326680D0F}.Debug|x86.Build.0 = Debug|Win32
		{33DC28EC-05CE-437E-B857-8CD326680D0F}.Release|x64.ActiveCfg = Release|x64
		{33DC28EC-05CE-437E-B857-8CD326680D0F}.Release|x64.Build.0 = Release|x64
		{33DC28EC-05CE-437E-B857-8CD326680D0F}.Release|x86.ActiveCfg = Release|Win32
		{33DC28EC-05CE-437E-B857-8CD326680D0F}.Release|x86.Build.0 = Release|Win32
		{07C55D23-A9D8-42AC-AC97-B163E60996FE}.Debug|x64.ActiveCfg = Debug|x64
		{07C55D23-A9D8-42AC-AC97-B163E60996FE}.Debug|x64.Build.0 = Debug|x64
		{07C55D23-A9D8-42AC-AC97-B163E60996FE}.Debug|x86.ActiveCfg = Debug|Win32
		{07C55D23-A9D8-42AC-AC97-B163E60996FE}.Debug|x86.Build.0 = Debug|Win32
		{07C55D23-A9D8-42AC-AC97-B163E60996FE}.Release|x64.ActiveCfg = Release|x64
		{07C55D23-A9D8-42AC-AC97-B163E60996FE}.Release|x64.Build.0 = Release|x64
		{07C55D23-A9D8-42AC-AC97-B163E60996FE}.Release|x86.ActiveCfg = Release|Win32
		{07C55D23-A9D8-42AC-AC97-B163E60996FE}.Release|x86.Build.0 = Release|Win32
		{697EA6C8-E538-49D6-9AA7-E1B81D1B484D}.Debug|x64.ActiveCfg = Debug|x64
		{697EA6C8-E538-49D6-9AA7-E1B81D1B484D}.Debug|x64.Build.0 = Debug|x64
		{697EA6C8-E538-49D6-9AA7-E1B81D1B484D}.Debug|x86.ActiveCfg = Debug|Win32
		{697EA6C8-E538-49D6-9AA7-E1B81D1B484D}.Debug|x86.Build.0 = Debug|Win32
		{697EA6C8-E538-49D6-9AA7-E1B81D1B484D}.Release|x64.ActiveCfg = Release|x64
		{697EA6C8-E538-49D6-9AA7-E1B81D1B484D}.Release|x64.Build.0 = Release|x64
		{697EA6C8-E538-49D6-9AA7-E1B81D1B484D}.Release|x86.ActiveCfg = Release|Win32
		{697EA6C8-E538-49D6-9AA7-E1B81D1B484D}.Release|x86.Build.0 = Release|Win32
		{547D13D8-F8E8-42F8-9501-B013046350A8}.Debug|x64.ActiveCfg = Debug|x64
		{547D13D8-F8E8-42F8-9501-B013046350A8}.Debug|x64.Build.0 = Debug|x64
		{547D13D8-F8E8-42F8-9501-B013046350A8}.Debug|x86.ActiveCfg = Debug|Win32
		{547D13D8-F8E8-42F8-9501-B013046350A8}.Debug|x86.Build.0 = Debug|Win32
		{547D13D8-F8E8-42F8-9501-B013046350A8}.Release|x64.ActiveCfg = Release|x64
		{547D13D8-F8E8-42F8-9501-B013046350A8}.Release|x64.Build.0 = Release|x64
		{547D13D8-F8E8-42F8-9501-B013046350A8}.Release|x86.ActiveCfg = Release|Win32
		{547D13D8-F8E8-42F8-9501-B013046350A8}.Release|x86.Build.0 = Release|Win32
		{39CACEAE-E001-4FE1-B919-13E021C3D283}.Debug|x64.ActiveCfg = Debug|x64
		{39CACEAE-E001-4FE1-B919-13E021C3D283}.Debug|x64.Build.0 = Debug|x64
		{39CACEAE-E001-4FE1-B919-13E021C3D283}.Debug|x86.ActiveCfg = Debug|Win32
		{39CACEAE-E001-4FE1-B919-13E021C3D283}.Debug|x86.Build.0 = Debug|Win32
		{39CACEAE-E001-4FE1-B919-13E021C3D283}.Release|x64.ActiveCfg = Release|x64
		{39CACEAE-E001-4FE1-B919-13E021C3D283}.Release|x64.Build.0 = Release|x64
		{39CACEAE-E001-4FE1-B919-13E021C3D283}.Release|x86.ActiveCfg = Release|Win32
		{39CACEAE-E001-4FE1-B919-13E021C3D283}.Release|x86.Build.0 = Release|Win32
		{EF42A1CA-9F07-4E88-8EAB-A19AE7893E8B}.Debug|x64.ActiveCfg = Debug|x64
		{EF42A1CA-9F07-4E88-8EAB-A19AE7893E8B}.Debug|x64.Build.0 = Debug|x64
		{EF42A1CA-9F07-4E88-8EAB-A19AE7893E8B}.Debug|x86.ActiveCfg = Debug|Win32
		{EF42A1CA-9F07-4E88-8EAB-A19AE7893E8B}.Debug|x86.Build.0 = Debug|Win32
		{EF42A1CA-9F07-4E88-8EAB-A19AE7893E8B}.Release|x64.ActiveCfg = Release|x64
		{EF42A1CA-9F07-4E88-8EAB-A19AE7893E8B}.Release|x64.Build.0 = Release|x64
		{EF42A1CA-9F07-4E88-8EAB-A19AE7893E8B}.Release|x86.ActiveCfg = Release|Win32
		{EF42A1CA-9F07-4E88-8EAB-A19AE7893E8B}.Release|x86.Build.0 = Release|Win32
		{DE9CAF81-015A-48DC-8EC7-DA59C2AE94AC}.Debug|x64.ActiveCfg = Debug|x64
		{DE9CAF81-015A-48DC-8EC7-DA59C2AE94AC}.Debug|x64.Build.0 = Debug|x64
		{DE9CAF81-015A-48DC-8EC7-DA59C2AE94AC}.Debug|x86.ActiveCfg = Debug|Win32
		{DE9CAF81-015A-48DC-8EC7-DA59C2AE94AC}.Debug|x86.Build.0 = Debug|Win32
		{DE9CAF81-015A-48DC-8EC7-DA59C2AE94AC}.Release|x64.ActiveCfg = Release|x64
		{DE9CAF81-015A-48DC-8EC7-DA59C2AE94AC}.Release|x64.Build.0 = Release|x64
		{DE9CAF81-015A-48DC-8EC7-DA59C2AE94AC}.Release|x86.ActiveCfg = Release|Win32
		{DE9CAF81-015A-48DC-8EC7-DA59C2AE94AC}.Release|x86.Build.0 = Release|Win32
		{7D386343-BC6E-4F28-8B17-E6FE771B6677}.Debug|x64.ActiveCfg = Debug|x64
		{7D386343-BC6E-4F28-8B17-E6FE771B6677}.Debug|x64.Build.0 = Debug|x64
		{7D386343-BC6E-4F28-8B17-E6FE771B6677}.Debug|x86.ActiveCfg = Debug|Win32
		{7D386343-BC6E-4F28-8B17-E6FE771B6677}.Debug|x86.Build.0 = Debug|Win32
		{7D386343-BC6E-4F28-8B17-E6FE771B6677}.Release|x64.ActiveCfg = Release|x64
		{7D386343-BC6E-4F28-8B17-E6FE771B6677}.Release|x64.Build.0 = Release|x64
		{7D386343-BC6E-4F28-8B17-E6FE771B6677}.Release|x86.ActiveCfg = Release|Win32
		{7D386343-BC6E-4F28-8B17-E6FE771B6677}.Release|x86.Build.0 = Release|Win32
		{21564F47-4CBC-471B-A524-C37D346D27C4}.Debug|x64.ActiveCfg = Debug|x64
		{21564F47-4CBC-471B-A524-C37D346D27C4}.Debug|x64.Build.0 = Debug|x64
		{21564F47-4CBC-471B-A524-C37D346D27C4}.Debug|x86.ActiveCfg = Debug|Win32
		{21564F47-4CBC-471B-A524-C37D346D27C4}.Debug|x86.Build.0 = Debug|Win32
		{21564F47-4CBC-471B-A524-C37D346D27C4}.Release|x64.ActiveCfg = Release|x64
		{21564F47-4CBC-471B-A524-C37D346D27C4}.Release|x64.Build.0 = Release|x64
		{21564F47-4CBC-471B-A524-C37D346D27C4}.Release|x86.ActiveCfg = Release|Win32
		{21564F47-4CBC-471B-A524-C37D346D27C4}.Release|x86.Build.0 = Release|Win32
		{567EABE6-74D3-4023-BF58-651D5E51B174}.Debug|x64.ActiveCfg = Debug|x64
		{567EABE6-74D3-4023-BF58-651D5E51B174}.Debug|x64.Build.0 = Debug|x64
		{567EABE6-74D3-4023-BF58-651D5E51B174}.Debug|x86.ActiveCfg = Debug|Win32
		{567EABE6-74D3-4023-BF58-651D5E51B174}.Debug|x86.Build.0 = Debug|Win32
		{567EABE6-74D3-4023-BF58-651D5E51B174}.Release|x64.ActiveCfg = Release|x64
		{567EABE6-74D3-4023-BF58-651D5E51B174}.Release|x64.Build.0 = Release|x64
		{567EABE6-74D3-4023-BF58-651D5E51B174}.Release|x86.ActiveCfg = Release|Win32
		{567EABE6-74D3-4023-BF58-651D5E51B174}.Release|x86.Build.0 = Release|Win32
		{838E1991-1743-49AD-936D-932F69C890AE}.Debug|x64.ActiveCfg = Debug|x64
		{838E1991-1743-49AD-936D-932F69C890AE}.Debug|x64.Build.0 = Debug|x64
		{838E1991-1743-49AD-936D-932F69C890AE}.Debug|x86.ActiveCfg = Debug|Win32
		{838E1991-1743-49AD-936D-932F69C890AE}.Debug|x86.Build.0 = Debug|Win32
		{838E1991-1743-49AD-936D-932F69C890AE}.Release|x64.ActiveCfg = Release|x64
		{838E1991-1743-49AD-936D-932F69C890AE}.Release|x64.Build.0 = Release|x64
		{838E1991-1743-49AD-936D-932F69C890AE}.Release|x86.ActiveCfg = Release|Win32
		{838E1991-1743-49AD-936D-932F69C890AE}.Release|x86.Build.0 = Release|Win32
		{E17B395D-54B5-4EFD-AD97-1F41B5745D73}.Debug|x64.ActiveCfg = Debug|x64
		{E17B395D-54B5-4EFD-AD97-1F41B5745D73}.Debug|x64.Build.0 = Debug|x64
		{E17B395D-54B5-4EFD-AD97-1F41B5745D73}.Debug|x86.ActiveCfg = Debug|Win32
		{E17B395D-54B5-4EFD-AD97-1F41B5745D73}.Debug|x86.Build.0 = Debug|Win32
		{E17B395D-54B5-4EFD-AD97-1F41B5745D73}.Release|x64.ActiveCfg = Release|x64
		{E17B395D-54B5-4EFD-AD97-1F41B5745D73}.Release|x64.Build.0 = Release|x64
		{E17B395D-54B5-4EFD-AD97-1F41B5745D73}.Release|x86.ActiveCfg = Release|Win32
		{E17B395D-54B5-4EFD-AD97-1F41B5745D73}.Release|x86.Build.0 = Release|Win32
		{EE1A69E0-81DD-4999-A2D4-DF83E4B7C6B9}.Debug|x64.ActiveCfg = Debug|x64
		{EE1A69E0-81DD-4999-A2D4-DF83E4B7C6B9}.Debug|x64.Build.0 = Debug|x64
		{EE1A69E0-81DD-4999-A2D4-DF83E4B7C6B9}.Debug|x86.ActiveCfg = Debug|Win32
		{EE1A69E0-81DD-4999-A2D4-DF83E4B7C6B9}.Debug|x86.Build.0 = Debug|Win32
		{EE1A69E0-81DD-4999-A2D4-DF83E4B7C6B9}.Release|x64.ActiveCfg = Release|x64
		{EE1A69E0-81DD-4999-A2D4-DF83E4B7C6B9}.Release|x64.Build.0 = Release|x64
		{EE1A69E0-81DD-4999-A2D4-DF83E4B7C6B9}.Release|x86.ActiveCfg = Release|Win32
		{EE1A69E0-81DD-4999-A2D4-DF83E4B7C6B9}.Release|x86.Build.0 = Release|Win32
		{AE4D5A7A-4D59-4EFF-8B23-62FB42409885}.Debug|x64.ActiveCfg = Debug|x64
		{AE4D5A7A-4D59-4EFF-8B23-62FB42409885}.Debug|x64.Build.0 = Debug|x64
		{AE4D5A7A-4D59-4EFF-8B23-62FB42409885}.Debug|x86.ActiveCfg = Debug|Win32
		{AE4D5A7A-4D59-4EFF-8B23-62FB42409885}.Debug|x86.Build.0 = Debug|Win32
		{AE4D5A7A-4D59-4EFF-8B23-62FB42409885}.Release|x64.ActiveCfg = Release|x64
		{AE4D5A7A-4D59-4EFF-8B23-62FB42409885}.Release|x64.Build.0 = Release|x64
		{AE4D5A7A-4D59-4EFF-8B23-62FB42409885}.Release|x86.ActiveCfg = Release|Win32
		{AE4D5A7A-4D59-4EFF-8B23-62FB42409885}.Release|x86.Build.0 = Release|Win32
		{F7F43AC6-4718-43BB-8B9A-9AB67A081825}.Debug|x64.ActiveCfg = Debug|x64
		{F7F43AC6-4718-43BB-8B9A-9AB67A081825}.Debug|x64.Build.0 = Debug|x64
		{F7F43AC6-4718-43BB-8B9A-9AB67A081825}.Debug|x86.ActiveCfg = Debug|Win32
		{F7F43AC6-4718-43BB-8B9A-9AB67A081825}.Debug|x86.Build.0 = Debug|Win32
		{F7F43AC6-4718-43BB-8B9A-9AB67A081825}.Release|x64.ActiveCfg = Release|x64
		{F7F43AC6-4718-43BB-8B9A-9AB67A081825}.Release|x64.Build.0 = Release|x64
		{F7F43AC6-4718-43BB-8B9A-9AB67A081825}.Release|x86.ActiveCfg = Release|Win32
		{F7F43AC6-4718-43BB-8B9A-9AB67A081825}.Release|x86.Build.0 = Release|Win32
		{B9E49618-2C0C-481A-8FA9-9B90D0837112}.Debug|x64.ActiveCfg = Debug|x64
		{B9E49618-2C0C-481A-8FA9-9B90D0837112}.Debug|x64.Build.0 = Debug|x64
		{B9E49618-2C0C-481A-8FA9-9B90D0837112}.Debug|x86.ActiveCfg = Debug|Win32
		{B9E49618-2C0C-481A-8FA9-9B90D0837112}.Debug|x86.Build.0 = Debug|Win32
		{B9E49618-2C0C-481A-8FA9-9B90D0837112}.Release|x64.ActiveCfg = Release|x64
		{B9E49618-2C0C-481A-8FA9-9B90D0837112}.Release|x64.Build.0 = Release|x64
		{B9E49618-2C0C-481A-8FA9-9B90D0837112}.Release|x86.ActiveCfg = Release|Win32
		{B9E49618-2C0C-481A-8FA9-9B90D0837112}.Release|x86.Build.0 = Release|Win32
		{F562BA63-8F99-43B2-9A58-C087524C0736}.Debug|x64.ActiveCfg = Debug|x64
		{F562BA63-8F99-43B2-9A58-C087524C0736}.Debug|x64.Build.0 = Debug|x64
		{F562BA63-8F99-43B2-9A58-C087524C0736}.Debug|x86.ActiveCfg = Debug|Win32
		{F562BA63-8F99-43B2-9A58-C087524C0736}.Debug|x86.Build.0 = Debug|Win32
		{F562BA63-8F99-43B2-9A58-C087524C0736}.Release|x64.ActiveCfg = Release|x64
		{F562BA63-8F99-43B2-9A58-C087524C0736}.Release|x64.Build.0 = Release|x64
		{F562BA63-8F99-43B2-9A58-C087524C0736}.Release|x86.ActiveCfg = Release|Win32
		{F562BA63-8F99-43B2-9A58-C087524C0736}.Release|x86.Build.0 = Release|Win32
		{4860E430-7FE7-4C02-BDD7-E417EDD3264C}.Debug|x64.ActiveCfg = Debug|x64
		{4860E430-7FE7-4C02-BDD7-E417EDD3264C}.Debug|x64.Build.0 = Debug|x64
		{4860E430-7FE7-4C02-BDD7-E417EDD3264C}.Debug|x86.ActiveCfg = Debug|Win32
		{4860E430-7FE7-4C02-BDD7-E417EDD3264C}.Debug|x86.Build.0 = Debug|Win32
		{4860E430-7FE7-4C02-BDD7-E417EDD3264C}.Release|x64.ActiveCfg = Release|x64
		{4860E430-7FE7-4C02-BDD7-E417EDD3264C}.Release|x64.Build.0 = Release|x64
		{4860E430-7FE7-4C02-BDD7-E417EDD3264C}.Release|x86.ActiveCfg = Release|Win32
		{4860E430-7FE7-4C02-BDD7-E417EDD3264C}.Release|x86.Build.0 = Release|Win32
		{AFEF13E6-EC90-403C-9009-58F72C169F22}.Debug|x64.ActiveCfg = Debug|x64
		{AFEF13E6-EC90-403C-9009-58F72C169F22}.Debug|x64.Build.0 = Debug|x64
		{AFEF13E6-EC90-403C-9009-58F72C169F22}.Debug|x86.ActiveCfg = Debug|Win32
		{AFEF13E6-EC90-403C-9009-58F72C169F22}.Debug|x86.Build.0 = Debug|Win32
		{AFEF13E6-EC90-403C-9009-58F72C169F22}.Release|x64.ActiveCfg = Release|x64
		{AFEF13E6-EC90-403C-9009-58F72C169F22}.Release|x64.Build.0 = Release|x64
		{AFEF13E6-EC90-403C-9009-58F72C169F22}.Release|x86.ActiveCfg = Release|Win32
		{AFEF13E6-EC90-403C-9009-58F72C169F22}.Release|x86.Build.0 = Release|Win32
		{229EF730-3DC6-48B4-8EC8-0A4F830C12F7}.Debug|x64.ActiveCfg = Debug|x64
		{229EF730-3DC6-48B4-8EC8-0A4F830C12F7}.Debug|x64.Build.0 = Debug|x64
		{229EF730-3DC6-48B4-8EC8-0A4F830C12F7}.Debug|x86.ActiveCfg = Debug|Win32
		{229EF730-3DC6-48B4-8EC8-0A4F830C12F7}.Debug|x86.Build.0 = Debug|Win32
		{229EF730-3DC6-48B4-8EC8-0A4F830C12F7}.Release|x64.ActiveCfg = Release|x64
		{229EF730-3DC6-48B4-8EC8-0A4F830C12F7}.Release|x64.Build.0 = Release|x64
		{229EF730-3DC6-48B4-8EC8-0A4F830C12F7}.Release|x86.ActiveCfg = Release|Win32
		{229EF730-3DC6-48B4-8EC8-0A4F830C12F7}.Release|x86.Build.0 = Release|Win32
		{274838FD-55AA-4B30-9635-D43530C0EBD6}.Debug|x64.ActiveCfg = Debug|x64
		{274838FD-55AA-4B30-9635-D43530C0EBD6}.Debug|x64.Build.0 = Debug|x64
		{274838FD-55AA-4B30-9635-D43530C0EBD6}.Debug|x86.ActiveCfg = Debug|Win32
		{274838FD-55AA-4B30-9635-D43530C0EBD6}.Debug|x86.Build.0 = Debug|Win32
		{274838FD-55AA-4B30-9635-D43530C0EBD6}.Release|x64.ActiveCfg = Release|x64
		{274838FD-55AA-4B30-9635-D43530C0EBD6}.Release|x64.Build.0 = Release|x64
		{274838FD-55AA-4B30-9635-D43530C0EBD6}.Release|x86.ActiveCfg = Release|Win32
		{274838FD-55AA-4B30-9635-D43530C0EBD6}.Release|x86.Build.0 = Release|Win32
		{98B9FF1F-B068-4657-B267-164385B50483}.Debug|x64.ActiveCfg = Debug|x64
		{98B9FF1F-B068-4657-B267-164385B50483}.Debug|x64.Build.0 = Debug|x64
		{98B9FF1F-B068-4657-B267-164385B50483}.Debug|x86.ActiveCfg = Debug|Win32
		{98B9FF1F-B068-4657-B267-164385B50483}.Debug|x86.Build.0 = Debug|Win32
		{98B9FF1F-B068-4657-B267-164385B50483}.Release|x64.ActiveCfg = Release|x64
		{98B9FF1F-B068-4657-B267-164385B50483}.Release|x64.Build.0 = Release|x64
		{98B9FF1F-B068-4657-B267-164385B50483}.Release|x86.ActiveCfg = Release|Win32
		{98B9FF1F-B068-4657-B267-164385B50483}.Release|x86.Build.0 = Release|Win32
		{89D53FE7-6F32-4DE4-8334-5590B0B618E8}.Debug|x64.ActiveCfg = Debug|x64
		{89D53FE7-6F32-4DE4-8334-5590B0B618E8}.Debug|x64.Build.0 = Debug|x64
		{89D53FE7-6F32-4DE4-8334-5590B0B618E8}.Debug|x86.ActiveCfg = Debug|Win32
		{89D53FE7-6F32-4DE4-8334-5590B0B618E8}.Debug|x86.Build.0 = Debug|Win32
		{89D53FE7-6F32-4DE4-8334-5590B0B618E8}.Release|x64.ActiveCfg = Release|x64
		{89D53FE7-6F32-4DE4-8334-5590B0B618E8}.Release|x64.Build.0 = Release|x64
		{89D53FE7-6F32-4DE4-8334-5590B0B618E8}.Release|x86.ActiveCfg = Release|Win32
		{89D53FE7-6F32-4DE4-8334-5590B0B618E8}.Release|x86.Build.0 = Release|Win32
		{AEB377EF-26D3-413D-A2EB-733B2774BDB9}.Debug|x64.ActiveCfg = Debug|x64
		{AEB377EF-26D3-413D-A2EB-733B2774BDB9}.Debug|x64.Build.0 = Debug|x64
		{AEB377EF-26D3-413D-A2EB-733B2774BDB9}.Debug|x86.ActiveCfg = Debug|Win32
		{AEB377EF-26D3-413D-A2EB-733B2774BDB9}.Debug|x86.Build.0 = Debug|Win32
		{AEB377EF-26D3-413D-A2EB-733B2774BDB9}.Release|x64.ActiveCfg = Release|x64
		{AEB377EF-26D3-413D-A2EB-733B2774BDB9}.Release|x64.Build.0 = Release|x64
		{AEB377EF-26D3-413D-A2EB-733B2774BDB9}.Release|x86.ActiveCfg = Release|Win32
		{AEB377EF-26D3-413D-A2EB-733B2774BDB9}.Release|x86.Build.0 = Release|Win32
		{C8F19770-9144-4827-A68D-6130578AA15C}.Debug|x64.ActiveCfg = Debug|x64
		{C8F19770-9144-4827-A68D-6130578AA15C}.Debug|x64.Build.0 = Debug|x64
		{C8F19770-9144-4827-A68D-6130578AA15C}.Debug|x86.ActiveCfg = Debug|Win32
		{C8F19770-9144-4827-A68D-6130578AA15C}.Debug|x86.Build.0 = Debug|Win32
		{C8F19770-9144-4827-A68D-6130578AA15C}.Release|x64.ActiveCfg = Release|x64
		{C8F19770-9144-4827-A68D-6130578AA15C}.Release|x64.Build.0 = Release|x64
		{C8F19770-9144-4827-A68D-6130578AA15C}.Release|x86.ActiveCfg = Release|Win32
		{C8F19770-9144-4827-A68D-6130578AA15C}.Release|x86.Build.0 = Release|Win32
		{F10146FD-7271-4B77-A009-8F9A6E8C6F3D}.Debug|x64.ActiveCfg = Debug|x64
		{F10146FD-7271-4B77-A009-8F9A6E8C6F3D}.Debug|x64.Build.0 = Debug|x64
		{F10146FD-7271-4B77-A009-8F9A6E8C6F3D}.Debug|x86.ActiveCfg = Debug|Win32
		{F10146FD-7271-4B77-A009-8F9A6E8C6F3D}.Debug|x86.Build.0 = Debug|Win32
		{F10146FD-7271-4B77-A009-8F9A6E8C6F3D}.Release|x64.ActiveCfg = Release|x64
		{F10146FD-7271-4B77-A009-8F9A6E8C6F3D}.Release|x64.Build.0 = Release|x64
		{F10146FD-7271-4B77-A009-8F9A6E8C6F3D}.Release|x86.ActiveCfg = Release|Win32
		{F10146FD-7271-4B77-A009-8F9A6E8C6F3D}.Release|x86.Build.0 = Release|Win32
		{CB3EA644-BC75-4938-BBA4-DC25D49F82D4}.Debug|x64.ActiveCfg = Debug|x64
		{CB3EA644-BC75-4938-BBA4-DC25D49F82D4}.Debug|x64.Build.0 = Debug|x64
		{CB3EA644-BC75-4938-BBA4-DC25D49F82D4}.Debug|x86.ActiveCfg = Debug|Win32
		{CB3EA644-BC75-4938-BBA4-DC25D49F82D4}.Debug|x86.Build.0 = Debug|Win32
		{CB3EA644-BC75-4938-BBA4-DC25D49F82D4}.Release|x64.ActiveCfg = Release|x64
		{CB3EA644-BC75-4938-BBA4-DC25D49F82D4}.Release|x64.Build.0 = Release|x64
		{CB3EA644-BC75-4938-BBA4-DC25D49F82D4}.Release|x86.ActiveCfg = Release|Win32
		{CB3EA644-BC75-4938-BBA4-DC25D49F82D4}.Release|x86.Build.0 = Release|Win32
		{5357F4A6-F1A0-47A3-BADA-F3818FC63132}.Debug|x64.ActiveCfg = Debug|x64
		{5357F4A6-F1A0-47A3-BADA-F3818FC63132}.Debug|x64.Build.0 = Debug|x64
		{5357F4A6-F1A0-47A3-BADA-F3818FC63132}.Debug|x86.ActiveCfg = Debug|Win32
		{5357F4A6-F1A0-47A3-BADA-F3818FC63132}.Debug|x86.Build.0 = Debug|Win32
		{5357F4A6-F1A0-47A3-BADA-F3818FC63132}.Release|x64.ActiveCfg = Release|x64
		{5357F4A6-F1A0-47A3-BADA-F3818FC63132}.Release|x64.Build.0 = Release|x64
		{5357F4A6-F1A0-47A3-BADA-F3818FC63132}.Release|x86.ActiveCfg = Release|Win32
		{5357F4A6-F1A0-47A3-BADA-F3818FC63132}.Release|x86.Build.0 = Release|Win32
		{41EDF6A2-659E-4B2C-BDE2-82E3AC6141D1}.Debug|x64.ActiveCfg = Debug|x64
		{41EDF6A2-659E-4B2C-BDE2-82E3AC6141D1}.Debug|x64.Build.0 = Debug|x64
		{41EDF6A2-659E-4B2C-BDE2-82E3AC6141D1}.Debug|x86.ActiveCfg = Debug|Win32
		{41EDF6A2-659E-4B2C-BDE2-82E3AC6141D1}.Debug|x86.Build.0 = Debug|Win32
		{41EDF6A2-659E-4B2C-BDE2-82E3AC6141D1}.Release|x64.ActiveCfg = Release|x64
		{41EDF6A2-659E-4B2C-BDE2-82E3AC6141D1}.Release|x64.Build.0 = Release|x64
		{41EDF6A2-659E-4B2C-BDE2-82E3AC6141D1}.Release|x86.ActiveCfg = Release|Win32
		{41EDF6A2-659E-4B2C-BDE2-82E3AC6141D1}.Release|x86.Build.0 = Release|Win32
		{637ED1EF-320A-47C6-AAA2-4494DF5BB2A9}.Debug|x64.ActiveCfg = Debug|x64
		{637ED1EF-320A-47C6-AAA2-4494DF5BB2A9}.Debug|x64.Build.0 = Debug|x64
		{637ED1EF-320A-47C6-AAA2-4494DF5BB2A9}.Debug|x86.ActiveCfg = Debug|Win32
		{637ED1EF-320A-47C6-AAA2-4494DF5BB2A9}.Debug|x86.Build.0 = Debug|Win32
		{637ED1EF-320A-47C6-AAA2-4494DF5BB2A9}.Release|x64.ActiveCfg = Release|x64
		{637ED1EF-320A-47C6-AAA2-4494DF5BB2A9}.Release|x64.Build.0 = Release|x64
		{637ED1EF-320A-47C6-AAA2-4494DF5BB2A9}.Release|x86.ActiveCfg = Release|Win32
		{637ED1EF-320A-47C6-AAA2-4494DF5BB2A9}.Release|x86.Build.0 = Release|Win32
		{B42B8F67-2637-41E6-8DF6-F14DAC302962}.Debug|x64.ActiveCfg = Debug|x64
		{B42B8F67-2637-41E6-8DF6-F14DAC302962}.Debug|x64.Build.0 = Debug|x64
		{B42B8F67-2637-41E6-8DF6-F14DAC302962}.Debug|x86.ActiveCfg = Debug|Win32
		{B42B8F67-2637-41E6-8DF6-F14DAC302962}.Debug|x86.Build.0 = Debug|Win32
		{B42B8F67-2637-41E6-8DF6-F14DAC302962}.Release|x64.ActiveCfg = Release|x64
		{B42B8F67-2637-41E6-8DF6-F14DAC302962}.Release|x64.Build.0 = Release|x64
		{B42B8F67-2637-41E6-8DF6-F14DAC302962}.Release|x86.ActiveCfg = Release|Win32
		{B42B8F67-2637-41E6-8DF6-F14DAC302962}.Release|x86.Build.0 = Release|Win32
		{43CD6065-40CC-435C-B6E0-120A7235D7EA}.Debug|x64.ActiveCfg = Debug|x64
		{43CD6065-40CC-435C-B6E0-120A7235D7EA}.Debug|x64.Build.0 = Debug|x64
		{43CD6065-40CC-435C-B6E0-120A7235D7EA}.Debug|x86.ActiveCfg = Debug|Win32
		{43CD6065-40CC-435C-B6E0-120A7235D7EA}.Debug|x86.Build.0 = Debug|Win32
		{43CD6065-40CC-435C-B6E0-120A7235D7EA}.Release|x64.ActiveCfg = Release|x64
		{43CD6065-40CC-435C-B6E0-120A7235D7EA}.Release|x64.Build.0 = Release|x64
		{43CD6065-40CC-435C-B6E0-120A7235D7EA}.Release|x86.ActiveCfg = Release|Win32
		{43CD6065-40CC-435C-B6E0-120A7235D7EA}.Release|x86.Build.0 = Release|Win32
		{25C34ACA-B5B7-4F63-9186-0D225272108C}.Debug|x64.ActiveCfg = Debug|x64
		{25C34ACA-B5B7-4F63-9186-0D225272108C}.Debug|x64.Build.0 = Debug|x64
		{25C34ACA-B5B7-4F63-9186-0D225272108C}.Debug|x86.ActiveCfg = Debug|Win32
		{25C34ACA-B5B7-4F63-9186-0D225272108C}.Debug|x86.Build.0 = Debug|Win32
		{25C34ACA-B5B7-4F63-9186-0D225272108C}.Release|x64.ActiveCfg = Release|x64
		{25C34ACA-B5B7-4F63-9186-0D225272108C}.Release|x64.Build.0 = Release|x64
		{25C34ACA-B5B7-4F63-9186-0D225272108C}.Release|x86.ActiveCfg = Release|Win32
		{25C34ACA-B5B7-4F63-9186-0D225272108C}.Release|x86.Build.0 = Release|Win32
		{AAE659B6-236F-4302-A57F-817714069916}.Debug|x64.ActiveCfg = Debug|x64
		{AAE659B6-236F-4302-A57F-817714069916}.Debug|x64.Build.0 = Debug|x64
		{AAE659B6-236F-4302-A57F-817714069916}.Debug|x86.ActiveCfg = Debug|Win32
		{AAE659B6-236F-4302-A57F-817714069916}.Debug|x86.Build.0 = Debug|Win32
		{AAE659B6-236F-4302-A57F-817714069916}.Release|x64.ActiveCfg = Release|x64
		{AAE659B6-236F-4302-A57F-817714069916}.Release|x64.Build.0 = Release|x64
		{AAE659B6-236F-4302-A57F-817714069916}.Release|x86.ActiveCfg = Release|Win32
		{AAE659B6-236F-4302-A57F-817714069916}.Release|x86.Build.0 = Release|Win32
		{DF9AC549-102E-4A7D-9331-EE8A960ED9D5}.Debug|x64.ActiveCfg = Debug|x64
		{DF9AC549-102E-4A7D-9331-EE8A960ED9D5}.Debug|x64.Build.0 = Debug|x64
		{DF9AC549-102E-4A7D-9331-EE8A960ED9D5}.Debug|x86.ActiveCfg = Debug|Win32
		{DF9AC549-102E-4A7D-9331-EE8A960ED9D5}.Debug|x86.Build.0 = Debug|Win32
		{DF9AC549-102E-4A7D-9331-EE8A960ED9D5}.Release|x64.ActiveCfg = Release|x64
		{DF9AC549-102E-4A7D-9331-EE8A960ED9D5}.Release|x64.Build.0 = Release|x64
		{DF9AC549-102E-4A7D-9331-EE8A960ED9D5}.Release|x86.ActiveCfg = Release|Win32
		{DF9AC549-102E-4A7D-9331-EE8A960ED9D5}.Release|x86.Build.0 = Release|Win32
		{11407583-C8BB-4888-9AE4-B7DE2A99E1E0}.Debug|x64.ActiveCfg = Debug|x64
		{11407583-C8BB-4888-9AE4-B7DE2A99E1E0}.Debug|x64.Build.0 = Debug|x64
		{11407583-C8BB-4888-9AE4-B7DE2A99E1E0}.Debug|x86.ActiveCfg = Debug|Win32
		{11407583-C8BB-4888-9AE4-B7DE2A99E1E0}.Debug|x86.Build.0 = Debug|Win32
		{11407583-C8BB-4888-9AE4-B7DE2A99E1E0}.Release|x64.ActiveCfg = Release|x64
		{11407583-C8BB-4888-9AE4-B7DE2A99E1E0}.Release|x64.Build.0 = Release|x64
		{11407583-C8BB-4888-9AE4-B7DE2A99E1E0}.Release|x86.ActiveCfg = Release|Win32
		{11407583-C8BB-4888-9AE4-B7DE2A99E1E0}.Release|x86.Build.0 = Release|Win32
		{66C36A75-2A0E-48EA-B73F-86117826D28F}.Debug|x64.ActiveCfg = Debug|x64
		{66C36A75-2A0E-48EA-B73F-86117826D28F}.Debug|x64.Build.0 = Debug|x64
		{66C36A75-2A0E-48EA-B73F-86117826D28F}.Debug|x86.ActiveCfg = Debug|Win32
		{66C36A75-2A0E-48EA-B73F-86117826D28F}.Debug|x86.Build.0 = Debug|Win32
		{66C36A75-2A0E-48EA-B73F-86117826D28F}.Release|x64.ActiveCfg = Release|x64
		{66C36A75-2A0E-48EA-B73F-86117826D28F}.Release|x64.Build.0 = Release|x64
		{66C36A75-2A0E-48EA-B73F-86117826D28F}.Release|x86.ActiveCfg = Release|Win32
		{66C36A75-2A0E-48EA-B73F-86117826D28F}.Release|x86.Build.0 = Release|Win32
		{39D6AAE8-549D-465E-BC7A-97AD859D183A}.Debug|x64.ActiveCfg = Debug|x64
		{39D6AAE8-549D-465E-BC7A-97AD859D183A}.Debug|x64.Build.0 = Debug|x64
		{39D6AAE8-549D-465E-BC7A-97AD859D183A}.Debug|x86.ActiveCfg = Debug|Win32
		{39D6AAE8-549D-465E-BC7A-97AD859D183A}.Debug|x86.Build.0 = Debug|Win32
		{39D6AAE8-549D-465E-BC7A-97AD859D183A}.Release|x64.ActiveCfg = Release|x64
		{39D6AAE8-549D-465E-BC7A-97AD859D183A}.Release|x64.Build.0 = Release|x64
		{39D6AAE8-549D-465E-BC7A-97AD859D183A}.Release|x86.ActiveCfg = Release|Win32
		{39D6AAE8-549D-465E-BC7A-97AD859D183A}.Release|x86.Build.0 = Release|Win32
		{041D6E0A-E0E8-4946-B15A-6B2FFD020915}.Debug|x64.ActiveCfg = Debug|x64
		{041D6E0A-E0E8-4946-B15A-6B2FFD020915}.Debug|x64.Build.0 = Debug|x64
		{041D6E0A-E0E8-4946-B15A-6B2FFD020915}.Debug|x86.ActiveCfg = Debug|Win32
		{041D6E0A-E0E8-4946-B15A-6B2FFD020915}.Debug|x86.Build.0 = Debug|Win32
		{041D6E0A-E0E8-4946-B15A-6B2FFD020915}.Release|x64.ActiveCfg = Release|x64
		{041D6E0A-E0E8-4946-B15A-6B2FFD020915}.Release|x64.Build.0 = Release|x64
		{041D6E0A-E0E8-4946-B15A-6B2FFD020915}.Release|x86.ActiveCfg = Release|Win32
		{041D6E0A-E0E8-4946-B15A-6B2FFD020915}.Release|x86.Build.0 = Release|Win32
		{F681503C-00A8-4AC2-ACD3-9DB21A6EF115}.Debug|x64.ActiveCfg = Debug|x64
		{F681503C-00A8-4AC2-ACD3-9DB21A6EF115}.Debug|x64.Build.0 = Debug|x64
		{F681503C-00A8-4AC2-ACD3-9DB21A6EF115}.Debug|x86.ActiveCfg = Debug|Win32
		{F681503C-00A8-4AC2-ACD3-9DB21A6EF115}.Debug|x86.Build.0 = Debug|Win32
		{F681503C-00A8-4AC2-ACD3-9DB21A6EF115}.Release|x64.ActiveCfg = Release|x64
		{F681503C-00A8-4AC2-ACD3-9DB21A6EF115}.Release|x64.Build.0 = Release|x64
		{F681503C-00A8-4AC2-ACD3-9DB21A6EF115}.Release|x86.ActiveCfg = Release|Win32
		{F681503C-00A8-4AC2-ACD3-9DB21A6EF115}.Release|x86.Build.0 = Release|Win32
		{BE44F7B5-DCE5-4F8B-AD08-6885079E5163}.Debug|x64.ActiveCfg = Debug|x64
		{BE44F7B5-DCE5-4F8B-AD08-6885079E5163}.Debug|x64.Build.0 = Debug|x64
		{BE44F7B5-DCE5-4F8B-AD08-6885079E5163}.Debug|x86.ActiveCfg = Debug|Win32
		{BE44F7B5-DCE5-4F8B-AD08-6885079E5163}.Debug|x86.Build.0 = Debug|Win32
		{BE44F7B5-DCE5-4F8B-AD08-6885079E5163}.Release|x64.ActiveCfg = Release|x64
		{BE44F7B5-DCE5-4F8B-AD08-6885079E5163}.Release|x64.Build.0 = Release|x64
		{BE44F7B5-DCE5-4F8B-AD08-6885079E5163}.Release|x86.ActiveCfg = Release|Win32
		{BE44F7B5-DCE5-4F8B-AD08-6885079E5163}.Release|x86.Build.0 = Release|Win32
		{27D56D7F-16A2-4C6A-9E1D-3FD789302664}.Debug|x64.ActiveCfg = Debug|x64
		{27D56D7F-16A2-4C6A-9E1D-3FD789302664}.Debug|x64.Build.0 = Debug|x64
		{27D56D7F-16A2-4C6A-9E1D-3FD789302664}.Debug|x86.ActiveCfg = Debug|Win32
		{27D56D7F-16A2-4C6A-9E1D-3FD789302664}.Debug|x86.Build.0 = Debug|Win32
		{27D56D7F-16A2-4C6A-9E1D-3FD789302664}.Release|x64.ActiveCfg = Release|x64
		{27D56D7F-16A2-4C6A-9E1D-3FD789302664}.Release|x64.Build.0 = Release|x64
		{27D56D7F-16A2-4C6A-9E1D-3FD789302664}.Release|x86.ActiveCfg = Release|Win32
		{27D56D7F-16A2-4C6A-9E1D-3FD789302664}.Release|x86.Build.0 = Release|Win32
		{91ED804A-6E2D-483E-A1E7-B55D42A62C14}.Debug|x64.ActiveCfg = Debug|x64
		{91ED804A-6E2D-483E-A1E7-B55D42A62C14}.Debug|x64.Build.0 = Debug|x64
		{91ED804A-6E2D-483E-A1E7-B55D42A62C14}.Debug|x86.ActiveCfg = Debug|Win32
		{91ED804A-6E2D-483E-A1E7-B55D42A62C14}.Debug|x86.Build.0 = Debug|Win32
		{91ED804A-6E2D-483E-A1E7-B55D42A62C14}.Release|x64.ActiveCfg = Release|x64
		{91ED804A-6E2D-483E-A1E7-B55D42A62C14}.Release|x64.Build.0 = Release|x64
		{91ED804A-6E2D-483E-A1E7-B55D42A62C14}.Release|x86.ActiveCfg = Release|Win32
		{91ED804A-6E2D-483E-A1E7-B55D42A62C14}.Release|x86.Build.0 = Release|Win32
		{76E4F43E-1E8E-46E6-BCFE-AE4745A9D961}.Debug|x64.ActiveCfg = Debug|x64
		{76E4F43E-1E8E-46E6-BCFE-AE4745A9D961}.Debug|x64.Build.0 = Debug|x64
		{76E4F43E-1E8E-46E6-BCFE-AE4745A9D961}.Debug|x86.ActiveCfg = Debug|Win32
		{76E4F43E-1E8E-46E6-BCFE-AE4745A9D961}.Debug|x86.Build.0 = Debug|Win32
		{76E4F43E-1E8E-46E6-BCFE-AE4745A9D961}.Release|x64.ActiveCfg = Release|x64
		{76E4F43E-1E8E-46E6-BCFE-AE4745A9D961}.Release|x64.Build.0 = Release|x64
		{76E4F43E-1E8E-46E6-BCFE-AE4745A9D961}.Release|x86.ActiveCfg = Release|Win32
		{76E4F43E-1E8E-46E6-BCFE-AE4745A9D961}.Release|x86.Build.0 = Release|Win32
		{3D68CD40-161F-469B-A793-E4E49709BAAA}.Debug|x64.ActiveCfg = Debug|x64
		{3D68CD40-161F-469B-A793-E4E49709BAAA}.Debug|x64.Build.0 = Debug|x64
		{3D68CD40-161F-469B-A793-E4E49709BAAA}.Debug|x86.ActiveCfg = Debug|Win32
		{3D68CD40-161F-469B-A793-E4E49709BAAA}.Debug|x86.Build.0 = Debug|Win32
		{3D68CD40-161F-469B-A793-E4E49709BAAA}.Release|x64.ActiveCfg = Release|x64
		{3D68CD40-161F-469B-A793-E4E49709BAAA}.Release|x64.Build.0 = Release|x64
		{3D68CD40-161F-469B-A793-E4E49709BAAA}.Release|x86.ActiveCfg = Release|Win32
		{3D68CD40-161F-469B-A793-E4E49709BAAA}.Release|x86.Build.0 = Release|Win32
		{2A66D0C3-6A13-454B-ADCE-A34472EBD816}.Debug|x64.ActiveCfg = Debug|x64
		{2A66D0C3-6A13-454B-ADCE-A34472EBD816}.Debug|x64.Build.0 = Debug|x64
		{2A66D0C3-6A13-454B-ADCE-A34472EBD816}.Debug|x86.ActiveCfg = Debug|Win32
		{2A66D0C3-6A13-454B-ADCE-A34472EBD816}.Debug|x86.Build.0 = Debug|Win32
		{2A66D0C3-6A13-454B-ADCE-A34472EBD816}.Release|x64.ActiveCfg = Release|x64
		{2A66D0C3-6A13-454B-ADCE-A34472EBD816}.Release|x64.Build.0 = Release|x64
		{2A66D0C3-6A13-454B-ADCE-A34472EBD816}.Release|x86.ActiveCfg = Release|Win32
		{2A66D0C3-6A13-454B-ADCE-A34472EBD816}.Release|x86.Build.0 = Release|Win32
		{A9BB3BB9-201E-4578-99D3-A7E84F45CC01}.Debug|x64.ActiveCfg = Debug|x64
		{A9BB3BB9-201E-4578-99D3-A7E84F45CC01}.Debug|x64.Build.0 = Debug|x64
		{A9BB3BB9-201E-4578-99D3-A7E84F45CC01}.Debug|x86.ActiveCfg = Debug|Win32
		{A9BB3BB9-201E-4578-99D3-A7E84F45CC01}.Debug|x86.Build.0 = Debug|Win32
		{A9BB3BB9-201E-4578-99D3-A7E84F45CC01}.Release|x64.ActiveCfg = Release|x64
		{A9BB3BB9-201E-4578-99D3-A7E84F45CC01}.Release|x64.Build.0 = Release|x64
		{A9BB3BB9-201E-4578-99D3-A7E84F45CC01}.Release|x86.ActiveCfg = Release|Win32
		{A9BB3BB9-201E-4578-99D3-A7E84F45CC01}.Release|x86.Build.0 = Release|Win32
		{3FE51145-5855-411E-A8EA-42FD913D6D60}.Debug|x64.ActiveCfg = Debug|x64
		{3FE51145-5855-411E-A8EA-42FD913D6D60}.Debug|x64.Build.0 = Debug|x64
		{3FE51145-5855-411E-A8EA-42FD913D6D60}.Debug|x86.ActiveCfg = Debug|Win32
		{3FE51145-5855-411E-A8EA-42FD913D6D60}.Debug|x86.Build.0 = Debug|Win32
		{3FE51145-5855-411E-A8EA-42FD913D6D60}.Release|x64.ActiveCfg = Release|x64
		{3FE51145-5855-411E-A8EA-42FD913D6D60}.Release|x64.Build.0 = Release|x64
		{3FE51145-5855-411E-A8EA-42FD913D6D60}.Release|x86.ActiveCfg = Release|Win32
		{3FE51145-5855-411E-A8EA-42FD913D6D60}.Release|x86.Build.0 = Release|Win32
		{C72059E8-D160-4FD4-9FE9-E1265A93A25D}.Debug|x64.ActiveCfg = Debug|x64
		{C72059E8-D160-4FD4-9FE9-E1265A93A25D}.Debug|x64.Build.0 = Debug|x64
		{C72059E8-D160-4FD4-9FE9-E1265A93A25D}.Debug|x86.ActiveCfg = Debug|Win32
		{C72059E8-D160-4FD4-9FE9-E1265A93A25D}.Debug|x86.Build.0 = Debug|Win32
		{C72059E8-D160-4FD4-9FE9-E1265A93A25D}.Release|x64.ActiveCfg = Release|x64
		{C72059E8-D160-4FD4-9FE9-E1265A93A25D}.Release|x64.Build.0 = Release|x64
		{C72059E8-D160-4FD4-9FE9-E1265A93A25D}.Release|x86.ActiveCfg = Release|Win32
		{C72059E8-D160-4FD4-9FE9-E1265A93A25D}.Release|x86.Build.0 = Release|Win32
		{02A3EC6A-46C8-428D-ABEF-D6840DD9A2ED}.Debug|x64.ActiveCfg = Debug|x64
		{02A3EC6A-46C8-428D-ABEF-D6840DD9A2ED}.Debug|x64.Build.0 = Debug|x64
		{02A3EC6A-46C8-428D-ABEF-D6840DD9A2ED}.Debug|x86.ActiveCfg = Debug|Win32
		{02A3EC6A-46C8-428D-ABEF-D6840DD9A2ED}.Debug|x86.Build.0 = Debug|Win32
		{02A3EC6A-46C8-428D-ABEF-D6840DD9A2ED}.Release|x64.ActiveCfg = Release|x64
		{02A3EC6A-46C8-428D-ABEF-D6840DD9A2ED}.Release|x64.Build.0 = Release|x64
		{02A3EC6A-46C8-428D-ABEF-D6840DD9A2ED}.Release|x86.ActiveCfg = Release|Win32
		{02A3EC6A-46C8-428D-ABEF-D6840DD9A2ED}.Release|x86.Build.0 = Release|Win32
	EndGlobalSection
	GlobalSection(SolutionProperties) = preSolution
		HideSolutionNode = FALSE
	EndGlobalSection
	GlobalSection(ExtensibilityGlobals) = postSolution
		SolutionGuid = {8CD54556-71DC-4AEA-98DC-8F7762ECDC3F}
	EndGlobalSection
EndGlobal
